// !$*UTF8*$!
{
	archiveVersion = 1;
	classes = {
	};
	objectVersion = 77;
	objects = {

/* Begin PBXBuildFile section */
		00C69901BFC3ED1EB67B856D /* FundMetricsTests.swift in Sources */ = {isa = PBXBuildFile; fileRef = CD7045F4A08A28EE158CB394 /* FundMetricsTests.swift */; };
		00CF1D256E98CC6CDB47E710 /* FormulaParser.swift in Sources */ = {isa = PBXBuildFile; fileRef = D8A67F19978F79577997C81D /* FormulaParser.swift */; };
		01CD089BD98EA27556CECDC5 /* DerivativesEngine.swift in Sources */ = {isa = PBXBuildFile; fileRef = 5439BBC1177FF1E1731CC88A /* DerivativesEngine.swift */; };
		028FBE500288EC70FBD20E9A /* ServicesTests.swift in Sources */ = {isa = PBXBuildFile; fileRef = FA953739D75435BB66AB189B /* ServicesTests.swift */; };
		05E6EE7E9E935792AFD0637E /* coinbasetest-cash.tsv in Resources */ = {isa = PBXBuildFile; fileRef = E0E8FFADDDBD64D9D18EDA3F /* coinbasetest-cash.tsv */; };
		08E38C053E193DFFF664ACF6 /* CashSyncTests.swift in Sources */ = {isa = PBXBuildFile; fileRef = 9B549A3BFFCFE267E268C335 /* CashSyncTests.swift */; };
		09D7080C269F01DE77D73ADE /* ViewCache.swift in Sources */ = {isa = PBXBuildFile; fileRef = 2164A2148317851922E92087 /* ViewCache.swift */; };
		0A946C739855BA689CE4EC01 /* Assets.xcassets in Resources */ = {isa = PBXBuildFile; fileRef = 4141AFA78E93A2BB544FFD49 /* Assets.xcassets */; };
		0AC07BA8470D75514734E39D /* PlatformDetailView.swift in Sources */ = {isa = PBXBuildFile; fileRef = 9D9016C221D8B41402E543CF /* PlatformDetailView.swift */; };
		0B7D62B3B1AC28C01294E542 /* NotificationNames.swift in Sources */ = {isa = PBXBuildFile; fileRef = 6DDEBB26B5A4523E7DF3AB87 /* NotificationNames.swift */; };
		0C2B4BA0E0583D0D81935D4F /* IntroGuideView.swift in Sources */ = {isa = PBXBuildFile; fileRef = 5439E3A322BB84FE60191A58 /* IntroGuideView.swift */; };
		0CA6CF646D2EF74DD5AC7700 /* FundEngine.swift in Sources */ = {isa = PBXBuildFile; fileRef = ADF82E9F62C6337CA018D70F /* FundEngine.swift */; };
		0CC472E5AE4322A4F6CBD7BD /* WidgetSnapshotModels.swift in Sources */ = {isa = PBXBuildFile; fileRef = AE0F3FAE053123425C3E2E1D /* WidgetSnapshotModels.swift */; };
		0CD09438433B0FD28F816B44 /* BackupRoundTripTests.swift in Sources */ = {isa = PBXBuildFile; fileRef = 6F36012CC7764D32C01C4EED /* BackupRoundTripTests.swift */; };
		0FC73A03BA9BAE5BA0A47AE8 /* BacktestView.swift in Sources */ = {isa = PBXBuildFile; fileRef = 8A9C1C2AB4CC69B168913475 /* BacktestView.swift */; };
		11C864866C071577BE475340 /* PlatformModifiers.swift in Sources */ = {isa = PBXBuildFile; fileRef = 0E936380A18BD7F2191F202E /* PlatformModifiers.swift */; };
		12D7E7F4E5499B658ADDD6B6 /* LiveRecommendationTests.swift in Sources */ = {isa = PBXBuildFile; fileRef = 7C7A3006FF7A343378AAB90F /* LiveRecommendationTests.swift */; };
		13736010A21E9F8458364233 /* robinhoodtest-tqqq.tsv in Resources */ = {isa = PBXBuildFile; fileRef = 2259AF8CF6454043EE230821 /* robinhoodtest-tqqq.tsv */; };
		14BD6E470FBB3F05EE989E37 /* BacktestConfigPanel.swift in Sources */ = {isa = PBXBuildFile; fileRef = C3668C8C07BAA5888046A22B /* BacktestConfigPanel.swift */; };
		14DFBBA3032AB6B69AF2C13C /* WidgetSnapshotModels.swift in Sources */ = {isa = PBXBuildFile; fileRef = AE0F3FAE053123425C3E2E1D /* WidgetSnapshotModels.swift */; };
		16EA12C051E1C27B3CEF8647 /* EntryFormHelpers.swift in Sources */ = {isa = PBXBuildFile; fileRef = 78146FC52E9061B1A1504136 /* EntryFormHelpers.swift */; };
		16F162FD47C34C07818C9CD2 /* DCANotificationSchedulingTests.swift in Sources */ = {isa = PBXBuildFile; fileRef = 3EDB80A7FE63C588D7533369 /* DCANotificationSchedulingTests.swift */; };
		17FB2541C0CEEC28CD1ABA20 /* Formatters.swift in Sources */ = {isa = PBXBuildFile; fileRef = 9CF81295D6C93A9C4D22D1CC /* Formatters.swift */; };
		192442462A6FE331F8E495C3 /* FundCardView.swift in Sources */ = {isa = PBXBuildFile; fileRef = 3F80087125ABA29D4B680493 /* FundCardView.swift */; };
		19B87610332E0908F3CBAE98 /* ChartSeriesTests.swift in Sources */ = {isa = PBXBuildFile; fileRef = CA5A9F7DA84AF88E840673BB /* ChartSeriesTests.swift */; };
		1AA71BFCED97656280FF3C07 /* BacktestView.swift in Sources */ = {isa = PBXBuildFile; fileRef = 8A9C1C2AB4CC69B168913475 /* BacktestView.swift */; };
		1B21A19E3A1DBE5232B4E2FF /* CreateFundView.swift in Sources */ = {isa = PBXBuildFile; fileRef = 716845DB9D559691A02AEFAE /* CreateFundView.swift */; };
		1BD5D9C76D003B85ED6D2C2E /* EntryColumns.swift in Sources */ = {isa = PBXBuildFile; fileRef = 3A1A407DBC865895E7439F3D /* EntryColumns.swift */; };
		1C1460916E8155A40E33142E /* ViewCache.swift in Sources */ = {isa = PBXBuildFile; fileRef = 2164A2148317851922E92087 /* ViewCache.swift */; };
		1C31C8C48EEF4758BEED3877 /* FundMetricsTests.swift in Sources */ = {isa = PBXBuildFile; fileRef = CD7045F4A08A28EE158CB394 /* FundMetricsTests.swift */; };
		1CA8B07A2B186B8B449AE2D3 /* CreateFundView.swift in Sources */ = {isa = PBXBuildFile; fileRef = 716845DB9D559691A02AEFAE /* CreateFundView.swift */; };
		1E5B429A3205F8FE3D60B1F0 /* StatBox.swift in Sources */ = {isa = PBXBuildFile; fileRef = D0D6554AB71D71AEFD5CB7BA /* StatBox.swift */; };
		204E9721E790338C60C1F67E /* robinhoodtest-spxl.tsv in Resources */ = {isa = PBXBuildFile; fileRef = 21D4714188FFBF94FFC7D146 /* robinhoodtest-spxl.tsv */; };
		215E053FDD165C9E469C48A6 /* PortfolioCharts.swift in Sources */ = {isa = PBXBuildFile; fileRef = 5730A378FC32A73CBE470B4D /* PortfolioCharts.swift */; };
		215FA4880F56CE49F23FC059 /* FundStoreConcurrencyTests.swift in Sources */ = {isa = PBXBuildFile; fileRef = 534DF85FB1030ADC4B28C0D3 /* FundStoreConcurrencyTests.swift */; };
		237C11327A55B367CD5EC233 /* Theme.swift in Sources */ = {isa = PBXBuildFile; fileRef = 0536F00CCC4E2347521E1B56 /* Theme.swift */; };
		264B08D4BF510C5ECFCB7EED /* coinbasetest-btc.json in Resources */ = {isa = PBXBuildFile; fileRef = 73E706FC8B143B51FB8C2E3C /* coinbasetest-btc.json */; };
		26FC0CD3D4E75BA85FBDD8D4 /* StoreSideEffects.swift in Sources */ = {isa = PBXBuildFile; fileRef = 35E92242D8AFD2A3779102DE /* StoreSideEffects.swift */; };
		273582A9EC254FCE026E78AB /* StoreDockBadge.swift in Sources */ = {isa = PBXBuildFile; fileRef = 18B568AF3D3DF9595431CEBE /* StoreDockBadge.swift */; };
		2B676A43D4F8628DEA0F5879 /* DCANotificationManager.swift in Sources */ = {isa = PBXBuildFile; fileRef = EEEDEDE31CF3AEE44DEDE3EE /* DCANotificationManager.swift */; };
		2C78E452ED32276E3C625249 /* robinhoodtest-cash.json in Resources */ = {isa = PBXBuildFile; fileRef = 9EF8DB147F5CCF5962032B26 /* robinhoodtest-cash.json */; };
		2C7C7FEBEC9E2493FF061567 /* PlatformDetailView.swift in Sources */ = {isa = PBXBuildFile; fileRef = 9D9016C221D8B41402E543CF /* PlatformDetailView.swift */; };
		2CCCC96D9726E43C2600B59B /* ActionableFundsBanner.swift in Sources */ = {isa = PBXBuildFile; fileRef = FAA79537E5DE06EC77B10C04 /* ActionableFundsBanner.swift */; };
		2CE987711651869ABD5AE628 /* MetricCard.swift in Sources */ = {isa = PBXBuildFile; fileRef = 55C07B5D650437E29AF74984 /* MetricCard.swift */; };
		2D036FF35B1969FA2EFDE556 /* AuthManager.swift in Sources */ = {isa = PBXBuildFile; fileRef = 0A6F3B49FC8BE5BDD0D59CDD /* AuthManager.swift */; };
		2F2F8D587C29CC109C5A2C47 /* StorageFallbackTests.swift in Sources */ = {isa = PBXBuildFile; fileRef = E3E7DE8D9489AE0B0E85A6B5 /* StorageFallbackTests.swift */; };
		32C56FBC2CDBC51A4D6E4378 /* StorageTests.swift in Sources */ = {isa = PBXBuildFile; fileRef = 9463BF27DD8F902F60445782 /* StorageTests.swift */; };
		33447DF6775996C30774BBB2 /* BacktestConfigPanel.swift in Sources */ = {isa = PBXBuildFile; fileRef = C3668C8C07BAA5888046A22B /* BacktestConfigPanel.swift */; };
		3361AFF542BA7F42EDE09394 /* PlatformsView.swift in Sources */ = {isa = PBXBuildFile; fileRef = BC7805190DCC3C9CC32685C4 /* PlatformsView.swift */; };
		34D34944ADBC48298BC126F7 /* BacktestCharts.swift in Sources */ = {isa = PBXBuildFile; fileRef = DE273771E41052451E80DD9F /* BacktestCharts.swift */; };
		3A8A4108E6390930A06CAC9A /* DerivativesCharts.swift in Sources */ = {isa = PBXBuildFile; fileRef = 206783117061273B786BA40A /* DerivativesCharts.swift */; };
		3C7D5FA1754A58827324398B /* robinhoodtest-tqqq.json in Resources */ = {isa = PBXBuildFile; fileRef = 28267799E2A77C972DF8DDB9 /* robinhoodtest-tqqq.json */; };
		3C982E833ACF982F33FAE6B1 /* ChartSeries.swift in Sources */ = {isa = PBXBuildFile; fileRef = 6AE4FB89CA6A1686B8844967 /* ChartSeries.swift */; };
		3CC59A024D8346DE8F6B4F08 /* AddEntryView.swift in Sources */ = {isa = PBXBuildFile; fileRef = BFF252A47ECBD98740348309 /* AddEntryView.swift */; };
		3FF9F76DC70C4D2D2AAA77E2 /* EditEntryView.swift in Sources */ = {isa = PBXBuildFile; fileRef = 4CB98C8C76DB995DB12DB51C /* EditEntryView.swift */; };
		4016B307BB2B3DD1B9D0672B /* KeychainHelper.swift in Sources */ = {isa = PBXBuildFile; fileRef = 28B9BA94998CDC7A51047BDF /* KeychainHelper.swift */; };
		42536F85618CDA7693CC33F2 /* EscapeMintApp.swift in Sources */ = {isa = PBXBuildFile; fileRef = 89B67B9D0233CE75C2517D8B /* EscapeMintApp.swift */; };
		4291B95CF899CC62176A5BF4 /* PortfolioTimeSeriesTests.swift in Sources */ = {isa = PBXBuildFile; fileRef = 8B66EEDBCE041795C1479F08 /* PortfolioTimeSeriesTests.swift */; };
		43ABDDC343390B9A629C8276 /* FundStore.swift in Sources */ = {isa = PBXBuildFile; fileRef = 8234569B6F7DD6620418A099 /* FundStore.swift */; };
		4410F30862490B374CCE6632 /* EditFundView.swift in Sources */ = {isa = PBXBuildFile; fileRef = 5178FBFF2608094D106457C0 /* EditFundView.swift */; };
		4728DC6C08A385211230D45E /* SpotlightIndexer.swift in Sources */ = {isa = PBXBuildFile; fileRef = B4BBCB99D2DC606FB7140405 /* SpotlightIndexer.swift */; };
		48B9FEC85A997B31A366F9E4 /* coinbasetest-btc.tsv in Resources */ = {isa = PBXBuildFile; fileRef = EE13E05BF89434FDA4849CA4 /* coinbasetest-btc.tsv */; };
		4908790C3389FC2842ED00B0 /* StorageFallbackTests.swift in Sources */ = {isa = PBXBuildFile; fileRef = E3E7DE8D9489AE0B0E85A6B5 /* StorageFallbackTests.swift */; };
		492361B0318CD4F1E441B516 /* AppStorageKeys.swift in Sources */ = {isa = PBXBuildFile; fileRef = C669BD8AC67F63BC10F2CFCF /* AppStorageKeys.swift */; };
		496BA8A4C43BF265DAF6205F /* vti-weekly.json in Resources */ = {isa = PBXBuildFile; fileRef = 72B24FDF289E498E5460BB1F /* vti-weekly.json */; };
		497A1A3BEFED53CAA2023F6C /* PortfolioTimeSeriesTests.swift in Sources */ = {isa = PBXBuildFile; fileRef = 8B66EEDBCE041795C1479F08 /* PortfolioTimeSeriesTests.swift */; };
		4CC387AE5BD815C7DCE6AC66 /* FundDataStore.swift in Sources */ = {isa = PBXBuildFile; fileRef = 1B5C0157B3A2F0FEB594AA56 /* FundDataStore.swift */; };
		4F3E76F1EFDF20CB4EB1C904 /* ServicesTests.swift in Sources */ = {isa = PBXBuildFile; fileRef = FA953739D75435BB66AB189B /* ServicesTests.swift */; };
		4F86121FBE2542FC06D0803C /* BackupRoundTripTests.swift in Sources */ = {isa = PBXBuildFile; fileRef = 6F36012CC7764D32C01C4EED /* BackupRoundTripTests.swift */; };
		50073187F0C73B8FB20E8A96 /* Formatters.swift in Sources */ = {isa = PBXBuildFile; fileRef = 9CF81295D6C93A9C4D22D1CC /* Formatters.swift */; };
		5053D1A9A6AF0AC66A3DFB1B /* ChartSeries.swift in Sources */ = {isa = PBXBuildFile; fileRef = 6AE4FB89CA6A1686B8844967 /* ChartSeries.swift */; };
		5054A9B1DC45CD5F64FE1290 /* LockScreenView.swift in Sources */ = {isa = PBXBuildFile; fileRef = 524A60C790216C69F3B6D153 /* LockScreenView.swift */; };
		51EB3D963413A2F05AC1152C /* EntryColumns.swift in Sources */ = {isa = PBXBuildFile; fileRef = 3A1A407DBC865895E7439F3D /* EntryColumns.swift */; };
		52CA480B96FC346E915EC772 /* CashSyncTests.swift in Sources */ = {isa = PBXBuildFile; fileRef = 9B549A3BFFCFE267E268C335 /* CashSyncTests.swift */; };
		53B861E3892CB31EF24911BF /* coinbasetest-cash.tsv in Resources */ = {isa = PBXBuildFile; fileRef = E0E8FFADDDBD64D9D18EDA3F /* coinbasetest-cash.tsv */; };
		5556536B7023CD625296A7CD /* EscapeMintWidget.appex in Embed Foundation Extensions */ = {isa = PBXBuildFile; fileRef = D069B36344092C759389B19F /* EscapeMintWidget.appex */; settings = {ATTRIBUTES = (CodeSignOnCopy, RemoveHeadersOnCopy, ); }; };
		55587AFF22810DD9D1BB3D76 /* slv-weekly.json in Resources */ = {isa = PBXBuildFile; fileRef = 8BE8950DBDF58E24133D5122 /* slv-weekly.json */; };
		5653E180C5C5F8DE88179A6B /* DerivativesCharts.swift in Sources */ = {isa = PBXBuildFile; fileRef = 206783117061273B786BA40A /* DerivativesCharts.swift */; };
		58D0B9DE1C246402ADD32CF6 /* AppearanceManager.swift in Sources */ = {isa = PBXBuildFile; fileRef = 0653A0CB7C81F563F38D00C1 /* AppearanceManager.swift */; };
		597A39332A4B8855CA429765 /* FundStoreConcurrencyTests.swift in Sources */ = {isa = PBXBuildFile; fileRef = 534DF85FB1030ADC4B28C0D3 /* FundStoreConcurrencyTests.swift */; };
		59C7ACF796B9A37DB6B2F832 /* Converters.swift in Sources */ = {isa = PBXBuildFile; fileRef = 15B673A9482FD463F5027CA9 /* Converters.swift */; };
		5C9B25248B881F120DC7AC22 /* PortfolioCharts.swift in Sources */ = {isa = PBXBuildFile; fileRef = 5730A378FC32A73CBE470B4D /* PortfolioCharts.swift */; };
		5D1ACA7E51AFB3F87310DE88 /* IntroContent.swift in Sources */ = {isa = PBXBuildFile; fileRef = 0CFE5DCF234170C9D9424BB9 /* IntroContent.swift */; };
		5E2FF513C6EB32565600A3A4 /* DashboardView.swift in Sources */ = {isa = PBXBuildFile; fileRef = 5E6AFD1F57B408213E9E0D3B /* DashboardView.swift */; };
		5E57D2379D4A66CC5609FA44 /* FundTypeConfig.swift in Sources */ = {isa = PBXBuildFile; fileRef = 84E4D35AF8187D701960FA42 /* FundTypeConfig.swift */; };
		60729F93D47A7C7F4B7F06B8 /* WidgetDataProvider.swift in Sources */ = {isa = PBXBuildFile; fileRef = 8F26600F8259B5BEBBFB1C99 /* WidgetDataProvider.swift */; };
		616D4F04771A242D1C8336EA /* FilePickerHelper.swift in Sources */ = {isa = PBXBuildFile; fileRef = A93B5F48285731CDBAB58F06 /* FilePickerHelper.swift */; };
		6436802C391D89F147AC5E19 /* ICloudSyncMonitor.swift in Sources */ = {isa = PBXBuildFile; fileRef = 5DC2A3A2E56F3738F4A5F705 /* ICloudSyncMonitor.swift */; };
		64CBF138D1FCCDA50A6FEA2D /* robinhoodtest-cash.tsv in Resources */ = {isa = PBXBuildFile; fileRef = BDEC5159BE61B7F6E86705E7 /* robinhoodtest-cash.tsv */; };
		65B3EC108FE713A5B400FA5D /* robinhoodtest-cash.tsv in Resources */ = {isa = PBXBuildFile; fileRef = BDEC5159BE61B7F6E86705E7 /* robinhoodtest-cash.tsv */; };
		6699AD40036B9A80E20F5A66 /* EngineTests.swift in Sources */ = {isa = PBXBuildFile; fileRef = 9DEB29D5F7AD42857B739CEE /* EngineTests.swift */; };
		66BD159218FE4D82FE08B1A9 /* coinbasetest-cash.json in Resources */ = {isa = PBXBuildFile; fileRef = 28D10063CEA04E34B422E48A /* coinbasetest-cash.json */; };
		66CA6FA6BD33907928831035 /* WidgetSnapshotModels.swift in Sources */ = {isa = PBXBuildFile; fileRef = AE0F3FAE053123425C3E2E1D /* WidgetSnapshotModels.swift */; };
		66F9004333FAA62B135D62C5 /* PreviewData.swift in Sources */ = {isa = PBXBuildFile; fileRef = 10BFEB1D9F0CE377C93BCF99 /* PreviewData.swift */; };
		6747EF58F1D183CCA49C979E /* KeychainHelper.swift in Sources */ = {isa = PBXBuildFile; fileRef = 28B9BA94998CDC7A51047BDF /* KeychainHelper.swift */; };
		68A23EF44C80C3C9565151D0 /* PreviewData.swift in Sources */ = {isa = PBXBuildFile; fileRef = 10BFEB1D9F0CE377C93BCF99 /* PreviewData.swift */; };
		6B5163B1B7931DE792CF031A /* ViewCacheTests.swift in Sources */ = {isa = PBXBuildFile; fileRef = 6B9C24F786271E3E8E8B7A1D /* ViewCacheTests.swift */; };
		6C75E91B0F6FECF184432C98 /* StatBox.swift in Sources */ = {isa = PBXBuildFile; fileRef = D0D6554AB71D71AEFD5CB7BA /* StatBox.swift */; };
		7064B056C01915EFDB93C772 /* NotificationNames.swift in Sources */ = {isa = PBXBuildFile; fileRef = 6DDEBB26B5A4523E7DF3AB87 /* NotificationNames.swift */; };
		7202A09CF06020B67B8D4E86 /* EscapeMintLoadingView.swift in Sources */ = {isa = PBXBuildFile; fileRef = 015479839B54BBA737A6903D /* EscapeMintLoadingView.swift */; };
		73A0B128972CB4F65E452D7C /* IntroGuideView.swift in Sources */ = {isa = PBXBuildFile; fileRef = 5439E3A322BB84FE60191A58 /* IntroGuideView.swift */; };
		742EB8FE398D7704E9A21F98 /* FilePickerHelper.swift in Sources */ = {isa = PBXBuildFile; fileRef = A93B5F48285731CDBAB58F06 /* FilePickerHelper.swift */; };
		7667826D79A274883D32ED96 /* PortfolioTimeSeries.swift in Sources */ = {isa = PBXBuildFile; fileRef = E1AB06925B2363B15915944E /* PortfolioTimeSeries.swift */; };
		766BF0790E63551102726710 /* FundEngine.swift in Sources */ = {isa = PBXBuildFile; fileRef = ADF82E9F62C6337CA018D70F /* FundEngine.swift */; };
		788AEA7348838EC514180C76 /* FundCharts.swift in Sources */ = {isa = PBXBuildFile; fileRef = 78DC2F09A67B37D9062AFAC8 /* FundCharts.swift */; };
		7C8493E3B622C77F494D3D53 /* SettingsView.swift in Sources */ = {isa = PBXBuildFile; fileRef = 7A691160995BF44A1DFE5634 /* SettingsView.swift */; };
		7D9CEDB96C240E4C9B866F50 /* PlatformModifiers.swift in Sources */ = {isa = PBXBuildFile; fileRef = 0E936380A18BD7F2191F202E /* PlatformModifiers.swift */; };
		7E19C1D454FBCCFD747BF786 /* FormulaParserTests.swift in Sources */ = {isa = PBXBuildFile; fileRef = BBCB0FDCE94E2404ABEFEA3C /* FormulaParserTests.swift */; };
		7E260BC7DE043F8F2DFB5CFB /* LiveRecommendationTests.swift in Sources */ = {isa = PBXBuildFile; fileRef = 7C7A3006FF7A343378AAB90F /* LiveRecommendationTests.swift */; };
		7E832BFA791B32229E68C2AC /* StorageTests.swift in Sources */ = {isa = PBXBuildFile; fileRef = 9463BF27DD8F902F60445782 /* StorageTests.swift */; };
		7F0795B73CDDA0F1740CC77F /* robinhoodtest-tqqq.json in Resources */ = {isa = PBXBuildFile; fileRef = 28267799E2A77C972DF8DDB9 /* robinhoodtest-tqqq.json */; };
		800271A5BCD7F0CD15434FED /* Theme.swift in Sources */ = {isa = PBXBuildFile; fileRef = 0536F00CCC4E2347521E1B56 /* Theme.swift */; };
		82B10A98F56FB62DE964F54F /* gld-weekly.json in Resources */ = {isa = PBXBuildFile; fileRef = 2FA36F78945896AA5A44225F /* gld-weekly.json */; };
		844A58ADA82FB04C008CED53 /* DCANotificationSchedulingTests.swift in Sources */ = {isa = PBXBuildFile; fileRef = 3EDB80A7FE63C588D7533369 /* DCANotificationSchedulingTests.swift */; };
		84A52F16EF27156A386853DE /* BacktestEngine.swift in Sources */ = {isa = PBXBuildFile; fileRef = E725D16A17E4F0835D06D981 /* BacktestEngine.swift */; };
		881770F19680895E015AC2CE /* FundDataStore.swift in Sources */ = {isa = PBXBuildFile; fileRef = 1B5C0157B3A2F0FEB594AA56 /* FundDataStore.swift */; };
		8B2DE7CE44327991FE480DB3 /* tqqq-weekly.json in Resources */ = {isa = PBXBuildFile; fileRef = AA7B587266915BE35EF3BDDF /* tqqq-weekly.json */; };
		8B40FDD389FEFF903DBECC5A /* ChartSeriesTests.swift in Sources */ = {isa = PBXBuildFile; fileRef = CA5A9F7DA84AF88E840673BB /* ChartSeriesTests.swift */; };
		8BDFE951A555911094A4F7FF /* robinhoodtest-spxl.json in Resources */ = {isa = PBXBuildFile; fileRef = 2324DA91E49C3F0CD95CE1DE /* robinhoodtest-spxl.json */; };
		8BF59AB08706035EC43FBCFB /* ActionableFundsBanner.swift in Sources */ = {isa = PBXBuildFile; fileRef = FAA79537E5DE06EC77B10C04 /* ActionableFundsBanner.swift */; };
		8C6EDB9E202D741C12A9C69D /* btc-weekly.json in Resources */ = {isa = PBXBuildFile; fileRef = 62673091D474C5E9C408B22C /* btc-weekly.json */; };
		8D8079E7073E294BC0F8BE35 /* AuditTrailView.swift in Sources */ = {isa = PBXBuildFile; fileRef = 72E8011701E83725108665A2 /* AuditTrailView.swift */; };
		8DF900326F27FB50847A2FA5 /* DashboardView.swift in Sources */ = {isa = PBXBuildFile; fileRef = 5E6AFD1F57B408213E9E0D3B /* DashboardView.swift */; };
		8E2AC520DB68235E8E35DE60 /* EntryFormHelpers.swift in Sources */ = {isa = PBXBuildFile; fileRef = 78146FC52E9061B1A1504136 /* EntryFormHelpers.swift */; };
		8F35375656B97CFA5DDF49D1 /* slv-weekly.json in Resources */ = {isa = PBXBuildFile; fileRef = 8BE8950DBDF58E24133D5122 /* slv-weekly.json */; };
		9393767F6EF181A9BB23C53A /* SettingsView.swift in Sources */ = {isa = PBXBuildFile; fileRef = 7A691160995BF44A1DFE5634 /* SettingsView.swift */; };
		94344EF2DAAFD9E0644FAF17 /* Converters.swift in Sources */ = {isa = PBXBuildFile; fileRef = 15B673A9482FD463F5027CA9 /* Converters.swift */; };
		952FF89A615E2D3D7D2B804A /* EditFundView.swift in Sources */ = {isa = PBXBuildFile; fileRef = 5178FBFF2608094D106457C0 /* EditFundView.swift */; };
		9862AF46D12BC9C034A58091 /* DCANotificationManager.swift in Sources */ = {isa = PBXBuildFile; fileRef = EEEDEDE31CF3AEE44DEDE3EE /* DCANotificationManager.swift */; };
		9ADC0757152CADB4FA9EDB74 /* LockScreenView.swift in Sources */ = {isa = PBXBuildFile; fileRef = 524A60C790216C69F3B6D153 /* LockScreenView.swift */; };
		9D06DBF112A37DE74E6DE5A9 /* FundDetailView.swift in Sources */ = {isa = PBXBuildFile; fileRef = C16280FEC2F986BC0F5C70C5 /* FundDetailView.swift */; };
		9D4F95A5410881EFEE36142F /* FundTypes.swift in Sources */ = {isa = PBXBuildFile; fileRef = 123ED17F2A466332A31D87A3 /* FundTypes.swift */; };
		9DC304A05E7B231C017F74C4 /* BacktestCharts.swift in Sources */ = {isa = PBXBuildFile; fileRef = DE273771E41052451E80DD9F /* BacktestCharts.swift */; };
		9E11DB41559D7F147E9C1B15 /* PlatformsView.swift in Sources */ = {isa = PBXBuildFile; fileRef = BC7805190DCC3C9CC32685C4 /* PlatformsView.swift */; };
		A091E84FEB7B129C8C758FD1 /* FundTypes.swift in Sources */ = {isa = PBXBuildFile; fileRef = 123ED17F2A466332A31D87A3 /* FundTypes.swift */; };
		A0D70C96C27E642E9AAFBA9A /* GuidedAddEntryView.swift in Sources */ = {isa = PBXBuildFile; fileRef = 3B0F9CBFA841C5EAF45B1A2F /* GuidedAddEntryView.swift */; };
		A1B268951A0C5D4BE33B80E0 /* GuidedAddEntryView.swift in Sources */ = {isa = PBXBuildFile; fileRef = 3B0F9CBFA841C5EAF45B1A2F /* GuidedAddEntryView.swift */; };
		A795E282C3CCB5CE7DB24527 /* brgnx-weekly.json in Resources */ = {isa = PBXBuildFile; fileRef = 7DD4A3D62A314EF39C7556F6 /* brgnx-weekly.json */; };
		A8962E758080AB26AF506BD0 /* FormulaParserTests.swift in Sources */ = {isa = PBXBuildFile; fileRef = BBCB0FDCE94E2404ABEFEA3C /* FormulaParserTests.swift */; };
		A9903C8077DF9DBC6FC8DA28 /* PortfolioTimeSeries.swift in Sources */ = {isa = PBXBuildFile; fileRef = E1AB06925B2363B15915944E /* PortfolioTimeSeries.swift */; };
		AA668949A41CFE6BE61CC085 /* InfoTipLabel.swift in Sources */ = {isa = PBXBuildFile; fileRef = 2E641E9CCCCA375177111F7A /* InfoTipLabel.swift */; };
		ABFB4A69F5E4070C4BEE0D46 /* robinhoodtest-cash.json in Resources */ = {isa = PBXBuildFile; fileRef = 9EF8DB147F5CCF5962032B26 /* robinhoodtest-cash.json */; };
		AD96A443A9DB27699AAC7BDD /* gld-weekly.json in Resources */ = {isa = PBXBuildFile; fileRef = 2FA36F78945896AA5A44225F /* gld-weekly.json */; };
		AFCEA5A89DF3CF5CE0EB08D2 /* WidgetDataProvider.swift in Sources */ = {isa = PBXBuildFile; fileRef = 8F26600F8259B5BEBBFB1C99 /* WidgetDataProvider.swift */; };
		B109A7CFD95A64643B2A8AAA /* StoreSideEffects.swift in Sources */ = {isa = PBXBuildFile; fileRef = 35E92242D8AFD2A3779102DE /* StoreSideEffects.swift */; };
		B2458A2217463775A1EE26B3 /* EditEntryView.swift in Sources */ = {isa = PBXBuildFile; fileRef = 4CB98C8C76DB995DB12DB51C /* EditEntryView.swift */; };
		B4DED41DA7C4419B1D0B5BDF /* ViewCacheTests.swift in Sources */ = {isa = PBXBuildFile; fileRef = 6B9C24F786271E3E8E8B7A1D /* ViewCacheTests.swift */; };
		B69B8BE99B11E76130C914D5 /* AdvancedToolsTests.swift in Sources */ = {isa = PBXBuildFile; fileRef = 43EA0A1D7008E27E20D07B13 /* AdvancedToolsTests.swift */; };
		B78CF5602C037D36B8704885 /* EngineTests.swift in Sources */ = {isa = PBXBuildFile; fileRef = 9DEB29D5F7AD42857B739CEE /* EngineTests.swift */; };
		B8047AE46A726EDA9BADE48D /* robinhoodtest-spxl.json in Resources */ = {isa = PBXBuildFile; fileRef = 2324DA91E49C3F0CD95CE1DE /* robinhoodtest-spxl.json */; };
		B979633DC473F06CC992BEDC /* FormulaParser.swift in Sources */ = {isa = PBXBuildFile; fileRef = D8A67F19978F79577997C81D /* FormulaParser.swift */; };
		BA705DF3CCF3E382D2289B65 /* AppearanceManager.swift in Sources */ = {isa = PBXBuildFile; fileRef = 0653A0CB7C81F563F38D00C1 /* AppearanceManager.swift */; };
		BCBDF87F48F3742996392369 /* spxl-weekly.json in Resources */ = {isa = PBXBuildFile; fileRef = A1CDA29D3BC058B300AC82EA /* spxl-weekly.json */; };
		BDCB853DFC266635DB3458F9 /* HistoricalDataLoader.swift in Sources */ = {isa = PBXBuildFile; fileRef = 5E886B330895070707EA7018 /* HistoricalDataLoader.swift */; };
		BE54A8C9C11054F4DE6F27D5 /* AdvancedTools.swift in Sources */ = {isa = PBXBuildFile; fileRef = EE306CC057A54F1DBFC1B1CA /* AdvancedTools.swift */; };
		BF86A28C297812E6CC78D1C6 /* robinhoodtest-tqqq.tsv in Resources */ = {isa = PBXBuildFile; fileRef = 2259AF8CF6454043EE230821 /* robinhoodtest-tqqq.tsv */; };
		BF9F8885045B3594D0D28670 /* DerivativesEngine.swift in Sources */ = {isa = PBXBuildFile; fileRef = 5439BBC1177FF1E1731CC88A /* DerivativesEngine.swift */; };
		C0E7BD4DD95B42116A303CA3 /* PortfolioEngine.swift in Sources */ = {isa = PBXBuildFile; fileRef = E53C89115C135EEDC05D6679 /* PortfolioEngine.swift */; };
		C36A1E39CA3F5E7BD8F1F087 /* EntryHelpers.swift in Sources */ = {isa = PBXBuildFile; fileRef = 762CA3A59DB3B401014402C2 /* EntryHelpers.swift */; };
		C5EA5640DF0B733C575E0FE0 /* AdvancedTools.swift in Sources */ = {isa = PBXBuildFile; fileRef = EE306CC057A54F1DBFC1B1CA /* AdvancedTools.swift */; };
		CAB653772F235CDAA552A708 /* EscapeMintWidget.swift in Sources */ = {isa = PBXBuildFile; fileRef = 23E3D71E800AE946CD1BCB3C /* EscapeMintWidget.swift */; };
		CBF230C3FE1A6EB5F2D9E4CF /* FundTypeConfig.swift in Sources */ = {isa = PBXBuildFile; fileRef = 84E4D35AF8187D701960FA42 /* FundTypeConfig.swift */; };
		CC01A0E06B50D0B8B2FD6A86 /* AddEntryView.swift in Sources */ = {isa = PBXBuildFile; fileRef = BFF252A47ECBD98740348309 /* AddEntryView.swift */; };
		CC31BD57B8B4EC7862535B39 /* btc-weekly.json in Resources */ = {isa = PBXBuildFile; fileRef = 62673091D474C5E9C408B22C /* btc-weekly.json */; };
		CDBED69DCFAFCF4B3A2D830B /* BacktestTransactions.swift in Sources */ = {isa = PBXBuildFile; fileRef = 42D65DB13952E5D475D4A596 /* BacktestTransactions.swift */; };
		CDD968D5B4196DF0CEB2D798 /* spxl-weekly.json in Resources */ = {isa = PBXBuildFile; fileRef = A1CDA29D3BC058B300AC82EA /* spxl-weekly.json */; };
		CE6E624BE9136E786FFF12F2 /* BacktestTransactions.swift in Sources */ = {isa = PBXBuildFile; fileRef = 42D65DB13952E5D475D4A596 /* BacktestTransactions.swift */; };
		CFB0DB85FA6B787056AADE51 /* coinbasetest-cash.json in Resources */ = {isa = PBXBuildFile; fileRef = 28D10063CEA04E34B422E48A /* coinbasetest-cash.json */; };
		CFF07BF43EECAB7A8E1A4ECB /* EscapeMintApp.swift in Sources */ = {isa = PBXBuildFile; fileRef = 89B67B9D0233CE75C2517D8B /* EscapeMintApp.swift */; };
		D19B5BE222995BF7D3FFFF5E /* AuthManager.swift in Sources */ = {isa = PBXBuildFile; fileRef = 0A6F3B49FC8BE5BDD0D59CDD /* AuthManager.swift */; };
		D1CE1B005710D6A0481D7506 /* StoreDockBadge.swift in Sources */ = {isa = PBXBuildFile; fileRef = 18B568AF3D3DF9595431CEBE /* StoreDockBadge.swift */; };
		D4AA378DD170290DE9E65AD4 /* FundCharts.swift in Sources */ = {isa = PBXBuildFile; fileRef = 78DC2F09A67B37D9062AFAC8 /* FundCharts.swift */; };
		D82EDD49A5A8F5D7BB34E4E8 /* PortfolioEngine.swift in Sources */ = {isa = PBXBuildFile; fileRef = E53C89115C135EEDC05D6679 /* PortfolioEngine.swift */; };
		D8472A006B773BB05E6364FA /* AdvancedToolsTests.swift in Sources */ = {isa = PBXBuildFile; fileRef = 43EA0A1D7008E27E20D07B13 /* AdvancedToolsTests.swift */; };
		DA1119CCE8C47551F26DCCB1 /* vti-weekly.json in Resources */ = {isa = PBXBuildFile; fileRef = 72B24FDF289E498E5460BB1F /* vti-weekly.json */; };
		DBD3CC62B6F1522CA01C89ED /* IntroCharts.swift in Sources */ = {isa = PBXBuildFile; fileRef = D4948BA46E25035E9E656E36 /* IntroCharts.swift */; };
		DBF3B221C34D9633C2A18EDF /* BacktestEngine.swift in Sources */ = {isa = PBXBuildFile; fileRef = E725D16A17E4F0835D06D981 /* BacktestEngine.swift */; };
		DF7AB51662EA55CD22B4D62C /* HistoricalDataLoader.swift in Sources */ = {isa = PBXBuildFile; fileRef = 5E886B330895070707EA7018 /* HistoricalDataLoader.swift */; };
		E0001C2ADB941F78F9699EBD /* SpotlightIndexer.swift in Sources */ = {isa = PBXBuildFile; fileRef = B4BBCB99D2DC606FB7140405 /* SpotlightIndexer.swift */; };
		E411C6417CF80B12FEC071DF /* EntryHelpers.swift in Sources */ = {isa = PBXBuildFile; fileRef = 762CA3A59DB3B401014402C2 /* EntryHelpers.swift */; };
		E4E0DD9225F3EB3FF014E108 /* tqqq-weekly.json in Resources */ = {isa = PBXBuildFile; fileRef = AA7B587266915BE35EF3BDDF /* tqqq-weekly.json */; };
		E52B732DFC6F5AB39688B125 /* EscapeMintLoadingView.swift in Sources */ = {isa = PBXBuildFile; fileRef = 015479839B54BBA737A6903D /* EscapeMintLoadingView.swift */; };
		E6C3021DF3A8B16A7C437147 /* robinhoodtest-spxl.tsv in Resources */ = {isa = PBXBuildFile; fileRef = 21D4714188FFBF94FFC7D146 /* robinhoodtest-spxl.tsv */; };
		E78FE5892BCCB09037698360 /* InfoTipLabel.swift in Sources */ = {isa = PBXBuildFile; fileRef = 2E641E9CCCCA375177111F7A /* InfoTipLabel.swift */; };
		EBE4D6C7460001073E2F62AA /* AppStorageKeys.swift in Sources */ = {isa = PBXBuildFile; fileRef = C669BD8AC67F63BC10F2CFCF /* AppStorageKeys.swift */; };
		EDA3DAD9464F50D8179EE797 /* ICloudSyncMonitor.swift in Sources */ = {isa = PBXBuildFile; fileRef = 5DC2A3A2E56F3738F4A5F705 /* ICloudSyncMonitor.swift */; };
		F0079A7EB11BFC30F5C82043 /* coinbasetest-btc.tsv in Resources */ = {isa = PBXBuildFile; fileRef = EE13E05BF89434FDA4849CA4 /* coinbasetest-btc.tsv */; };
		F2146FA5D69DD0694E1E29FF /* brgnx-weekly.json in Resources */ = {isa = PBXBuildFile; fileRef = 7DD4A3D62A314EF39C7556F6 /* brgnx-weekly.json */; };
		F339FA95C574744D9FAFC2AD /* FundStore.swift in Sources */ = {isa = PBXBuildFile; fileRef = 8234569B6F7DD6620418A099 /* FundStore.swift */; };
		F4AE21EA90918C341A6946AD /* IntroCharts.swift in Sources */ = {isa = PBXBuildFile; fileRef = D4948BA46E25035E9E656E36 /* IntroCharts.swift */; };
		F73C2BA7DC7C77621AEF94B7 /* coinbasetest-btc.json in Resources */ = {isa = PBXBuildFile; fileRef = 73E706FC8B143B51FB8C2E3C /* coinbasetest-btc.json */; };
		F7B47A9723F0B8D7DF9154CF /* IntroContent.swift in Sources */ = {isa = PBXBuildFile; fileRef = 0CFE5DCF234170C9D9424BB9 /* IntroContent.swift */; };
		F85646C4B05938C26C193E81 /* FundCardView.swift in Sources */ = {isa = PBXBuildFile; fileRef = 3F80087125ABA29D4B680493 /* FundCardView.swift */; };
		F9AD19FCC89D6ED33D924C7D /* AuditTrailView.swift in Sources */ = {isa = PBXBuildFile; fileRef = 72E8011701E83725108665A2 /* AuditTrailView.swift */; };
		FB0DD1BA773F836A3434D1D0 /* MetricCard.swift in Sources */ = {isa = PBXBuildFile; fileRef = 55C07B5D650437E29AF74984 /* MetricCard.swift */; };
		FE2F594896C76DE493FAD5C4 /* Assets.xcassets in Resources */ = {isa = PBXBuildFile; fileRef = 4141AFA78E93A2BB544FFD49 /* Assets.xcassets */; };
		FFE3C12B0B0AABC7A36F4F7B /* FundDetailView.swift in Sources */ = {isa = PBXBuildFile; fileRef = C16280FEC2F986BC0F5C70C5 /* FundDetailView.swift */; };
/* End PBXBuildFile section */

/* Begin PBXContainerItemProxy section */
		0A61EDECCCD3C1C594E95F4C /* PBXContainerItemProxy */ = {
			isa = PBXContainerItemProxy;
			containerPortal = 67B517483F51F1654F89779D /* Project object */;
			proxyType = 1;
			remoteGlobalIDString = 579BDC633614FBB7BB0DAEE4;
			remoteInfo = EscapeMint_macOS;
		};
		6423A4E62A30BC47E7D8E3B4 /* PBXContainerItemProxy */ = {
			isa = PBXContainerItemProxy;
			containerPortal = 67B517483F51F1654F89779D /* Project object */;
			proxyType = 1;
			remoteGlobalIDString = 7F83A01BEB8C7FD255B40AF0;
			remoteInfo = EscapeMintWidget_iOS;
		};
		80A9C4068597421EF06ED115 /* PBXContainerItemProxy */ = {
			isa = PBXContainerItemProxy;
			containerPortal = 67B517483F51F1654F89779D /* Project object */;
			proxyType = 1;
			remoteGlobalIDString = C4CDC287DAE331C76445E6FB;
			remoteInfo = EscapeMint_iOS;
		};
/* End PBXContainerItemProxy section */

/* Begin PBXCopyFilesBuildPhase section */
		77C50A1EC3C0B4A79BB34331 /* Embed Foundation Extensions */ = {
			isa = PBXCopyFilesBuildPhase;
			buildActionMask = 2147483647;
			dstPath = "";
			dstSubfolderSpec = 13;
			files = (
				5556536B7023CD625296A7CD /* EscapeMintWidget.appex in Embed Foundation Extensions */,
			);
			name = "Embed Foundation Extensions";
			runOnlyForDeploymentPostprocessing = 0;
		};
/* End PBXCopyFilesBuildPhase section */

/* Begin PBXFileReference section */
		015479839B54BBA737A6903D /* EscapeMintLoadingView.swift */ = {isa = PBXFileReference; lastKnownFileType = sourcecode.swift; path = EscapeMintLoadingView.swift; sourceTree = "<group>"; };
		0536F00CCC4E2347521E1B56 /* Theme.swift */ = {isa = PBXFileReference; lastKnownFileType = sourcecode.swift; path = Theme.swift; sourceTree = "<group>"; };
		0653A0CB7C81F563F38D00C1 /* AppearanceManager.swift */ = {isa = PBXFileReference; lastKnownFileType = sourcecode.swift; path = AppearanceManager.swift; sourceTree = "<group>"; };
		0A6F3B49FC8BE5BDD0D59CDD /* AuthManager.swift */ = {isa = PBXFileReference; lastKnownFileType = sourcecode.swift; path = AuthManager.swift; sourceTree = "<group>"; };
		0A954F45F93354E3501A9A7E /* Info.plist */ = {isa = PBXFileReference; lastKnownFileType = text.plist; path = Info.plist; sourceTree = "<group>"; };
		0CFE5DCF234170C9D9424BB9 /* IntroContent.swift */ = {isa = PBXFileReference; lastKnownFileType = sourcecode.swift; path = IntroContent.swift; sourceTree = "<group>"; };
		0DF6302CD46DDE6D7F7FDF2A /* EscapeMint.entitlements */ = {isa = PBXFileReference; lastKnownFileType = text.plist.entitlements; path = EscapeMint.entitlements; sourceTree = "<group>"; };
		0E936380A18BD7F2191F202E /* PlatformModifiers.swift */ = {isa = PBXFileReference; lastKnownFileType = sourcecode.swift; path = PlatformModifiers.swift; sourceTree = "<group>"; };
		10BFEB1D9F0CE377C93BCF99 /* PreviewData.swift */ = {isa = PBXFileReference; lastKnownFileType = sourcecode.swift; path = PreviewData.swift; sourceTree = "<group>"; };
		123ED17F2A466332A31D87A3 /* FundTypes.swift */ = {isa = PBXFileReference; lastKnownFileType = sourcecode.swift; path = FundTypes.swift; sourceTree = "<group>"; };
		15B673A9482FD463F5027CA9 /* Converters.swift */ = {isa = PBXFileReference; lastKnownFileType = sourcecode.swift; path = Converters.swift; sourceTree = "<group>"; };
		18B568AF3D3DF9595431CEBE /* StoreDockBadge.swift */ = {isa = PBXFileReference; lastKnownFileType = sourcecode.swift; path = StoreDockBadge.swift; sourceTree = "<group>"; };
		1B5C0157B3A2F0FEB594AA56 /* FundDataStore.swift */ = {isa = PBXFileReference; lastKnownFileType = sourcecode.swift; path = FundDataStore.swift; sourceTree = "<group>"; };
		2057B87E511BC30733DF4121 /* EscapeMintTests_macOS.xctest */ = {isa = PBXFileReference; explicitFileType = wrapper.cfbundle; includeInIndex = 0; path = EscapeMintTests_macOS.xctest; sourceTree = BUILT_PRODUCTS_DIR; };
		206783117061273B786BA40A /* DerivativesCharts.swift */ = {isa = PBXFileReference; lastKnownFileType = sourcecode.swift; path = DerivativesCharts.swift; sourceTree = "<group>"; };
		2164A2148317851922E92087 /* ViewCache.swift */ = {isa = PBXFileReference; lastKnownFileType = sourcecode.swift; path = ViewCache.swift; sourceTree = "<group>"; };
		21D4714188FFBF94FFC7D146 /* robinhoodtest-spxl.tsv */ = {isa = PBXFileReference; path = "robinhoodtest-spxl.tsv"; sourceTree = "<group>"; };
		2259AF8CF6454043EE230821 /* robinhoodtest-tqqq.tsv */ = {isa = PBXFileReference; path = "robinhoodtest-tqqq.tsv"; sourceTree = "<group>"; };
		2324DA91E49C3F0CD95CE1DE /* robinhoodtest-spxl.json */ = {isa = PBXFileReference; lastKnownFileType = text.json; path = "robinhoodtest-spxl.json"; sourceTree = "<group>"; };
		23E3D71E800AE946CD1BCB3C /* EscapeMintWidget.swift */ = {isa = PBXFileReference; lastKnownFileType = sourcecode.swift; path = EscapeMintWidget.swift; sourceTree = "<group>"; };
		28267799E2A77C972DF8DDB9 /* robinhoodtest-tqqq.json */ = {isa = PBXFileReference; lastKnownFileType = text.json; path = "robinhoodtest-tqqq.json"; sourceTree = "<group>"; };
		28B9BA94998CDC7A51047BDF /* KeychainHelper.swift */ = {isa = PBXFileReference; lastKnownFileType = sourcecode.swift; path = KeychainHelper.swift; sourceTree = "<group>"; };
		28D10063CEA04E34B422E48A /* coinbasetest-cash.json */ = {isa = PBXFileReference; lastKnownFileType = text.json; path = "coinbasetest-cash.json"; sourceTree = "<group>"; };
		2E641E9CCCCA375177111F7A /* InfoTipLabel.swift */ = {isa = PBXFileReference; lastKnownFileType = sourcecode.swift; path = InfoTipLabel.swift; sourceTree = "<group>"; };
		2FA36F78945896AA5A44225F /* gld-weekly.json */ = {isa = PBXFileReference; lastKnownFileType = text.json; path = "gld-weekly.json"; sourceTree = "<group>"; };
		35E92242D8AFD2A3779102DE /* StoreSideEffects.swift */ = {isa = PBXFileReference; lastKnownFileType = sourcecode.swift; path = StoreSideEffects.swift; sourceTree = "<group>"; };
		3A1A407DBC865895E7439F3D /* EntryColumns.swift */ = {isa = PBXFileReference; lastKnownFileType = sourcecode.swift; path = EntryColumns.swift; sourceTree = "<group>"; };
		3B0F9CBFA841C5EAF45B1A2F /* GuidedAddEntryView.swift */ = {isa = PBXFileReference; lastKnownFileType = sourcecode.swift; path = GuidedAddEntryView.swift; sourceTree = "<group>"; };
		3EDB80A7FE63C588D7533369 /* DCANotificationSchedulingTests.swift */ = {isa = PBXFileReference; lastKnownFileType = sourcecode.swift; path = DCANotificationSchedulingTests.swift; sourceTree = "<group>"; };
		3F80087125ABA29D4B680493 /* FundCardView.swift */ = {isa = PBXFileReference; lastKnownFileType = sourcecode.swift; path = FundCardView.swift; sourceTree = "<group>"; };
		4141AFA78E93A2BB544FFD49 /* Assets.xcassets */ = {isa = PBXFileReference; lastKnownFileType = folder.assetcatalog; path = Assets.xcassets; sourceTree = "<group>"; };
		42D65DB13952E5D475D4A596 /* BacktestTransactions.swift */ = {isa = PBXFileReference; lastKnownFileType = sourcecode.swift; path = BacktestTransactions.swift; sourceTree = "<group>"; };
		43EA0A1D7008E27E20D07B13 /* AdvancedToolsTests.swift */ = {isa = PBXFileReference; lastKnownFileType = sourcecode.swift; path = AdvancedToolsTests.swift; sourceTree = "<group>"; };
		4A2D5E0BEEB8E52E0461ADC0 /* Info.plist */ = {isa = PBXFileReference; lastKnownFileType = text.plist; path = Info.plist; sourceTree = "<group>"; };
		4CB98C8C76DB995DB12DB51C /* EditEntryView.swift */ = {isa = PBXFileReference; lastKnownFileType = sourcecode.swift; path = EditEntryView.swift; sourceTree = "<group>"; };
		50BB80B0D333342E7009BBD6 /* EscapeMint-macOS.entitlements */ = {isa = PBXFileReference; lastKnownFileType = text.plist.entitlements; path = "EscapeMint-macOS.entitlements"; sourceTree = "<group>"; };
		5178FBFF2608094D106457C0 /* EditFundView.swift */ = {isa = PBXFileReference; lastKnownFileType = sourcecode.swift; path = EditFundView.swift; sourceTree = "<group>"; };
		524A60C790216C69F3B6D153 /* LockScreenView.swift */ = {isa = PBXFileReference; lastKnownFileType = sourcecode.swift; path = LockScreenView.swift; sourceTree = "<group>"; };
		534DF85FB1030ADC4B28C0D3 /* FundStoreConcurrencyTests.swift */ = {isa = PBXFileReference; lastKnownFileType = sourcecode.swift; path = FundStoreConcurrencyTests.swift; sourceTree = "<group>"; };
		5439BBC1177FF1E1731CC88A /* DerivativesEngine.swift */ = {isa = PBXFileReference; lastKnownFileType = sourcecode.swift; path = DerivativesEngine.swift; sourceTree = "<group>"; };
		5439E3A322BB84FE60191A58 /* IntroGuideView.swift */ = {isa = PBXFileReference; lastKnownFileType = sourcecode.swift; path = IntroGuideView.swift; sourceTree = "<group>"; };
		55C07B5D650437E29AF74984 /* MetricCard.swift */ = {isa = PBXFileReference; lastKnownFileType = sourcecode.swift; path = MetricCard.swift; sourceTree = "<group>"; };
		5730A378FC32A73CBE470B4D /* PortfolioCharts.swift */ = {isa = PBXFileReference; lastKnownFileType = sourcecode.swift; path = PortfolioCharts.swift; sourceTree = "<group>"; };
		5DC2A3A2E56F3738F4A5F705 /* ICloudSyncMonitor.swift */ = {isa = PBXFileReference; lastKnownFileType = sourcecode.swift; path = ICloudSyncMonitor.swift; sourceTree = "<group>"; };
		5E6AFD1F57B408213E9E0D3B /* DashboardView.swift */ = {isa = PBXFileReference; lastKnownFileType = sourcecode.swift; path = DashboardView.swift; sourceTree = "<group>"; };
		5E886B330895070707EA7018 /* HistoricalDataLoader.swift */ = {isa = PBXFileReference; lastKnownFileType = sourcecode.swift; path = HistoricalDataLoader.swift; sourceTree = "<group>"; };
		62673091D474C5E9C408B22C /* btc-weekly.json */ = {isa = PBXFileReference; lastKnownFileType = text.json; path = "btc-weekly.json"; sourceTree = "<group>"; };
		6AE4FB89CA6A1686B8844967 /* ChartSeries.swift */ = {isa = PBXFileReference; lastKnownFileType = sourcecode.swift; path = ChartSeries.swift; sourceTree = "<group>"; };
		6B9C24F786271E3E8E8B7A1D /* ViewCacheTests.swift */ = {isa = PBXFileReference; lastKnownFileType = sourcecode.swift; path = ViewCacheTests.swift; sourceTree = "<group>"; };
		6DDEBB26B5A4523E7DF3AB87 /* NotificationNames.swift */ = {isa = PBXFileReference; lastKnownFileType = sourcecode.swift; path = NotificationNames.swift; sourceTree = "<group>"; };
		6F36012CC7764D32C01C4EED /* BackupRoundTripTests.swift */ = {isa = PBXFileReference; lastKnownFileType = sourcecode.swift; path = BackupRoundTripTests.swift; sourceTree = "<group>"; };
		716845DB9D559691A02AEFAE /* CreateFundView.swift */ = {isa = PBXFileReference; lastKnownFileType = sourcecode.swift; path = CreateFundView.swift; sourceTree = "<group>"; };
		72B24FDF289E498E5460BB1F /* vti-weekly.json */ = {isa = PBXFileReference; lastKnownFileType = text.json; path = "vti-weekly.json"; sourceTree = "<group>"; };
		72E8011701E83725108665A2 /* AuditTrailView.swift */ = {isa = PBXFileReference; lastKnownFileType = sourcecode.swift; path = AuditTrailView.swift; sourceTree = "<group>"; };
		73E706FC8B143B51FB8C2E3C /* coinbasetest-btc.json */ = {isa = PBXFileReference; lastKnownFileType = text.json; path = "coinbasetest-btc.json"; sourceTree = "<group>"; };
		762CA3A59DB3B401014402C2 /* EntryHelpers.swift */ = {isa = PBXFileReference; lastKnownFileType = sourcecode.swift; path = EntryHelpers.swift; sourceTree = "<group>"; };
		78146FC52E9061B1A1504136 /* EntryFormHelpers.swift */ = {isa = PBXFileReference; lastKnownFileType = sourcecode.swift; path = EntryFormHelpers.swift; sourceTree = "<group>"; };
		78DC2F09A67B37D9062AFAC8 /* FundCharts.swift */ = {isa = PBXFileReference; lastKnownFileType = sourcecode.swift; path = FundCharts.swift; sourceTree = "<group>"; };
		7A691160995BF44A1DFE5634 /* SettingsView.swift */ = {isa = PBXFileReference; lastKnownFileType = sourcecode.swift; path = SettingsView.swift; sourceTree = "<group>"; };
		7C7A3006FF7A343378AAB90F /* LiveRecommendationTests.swift */ = {isa = PBXFileReference; lastKnownFileType = sourcecode.swift; path = LiveRecommendationTests.swift; sourceTree = "<group>"; };
		7DD4A3D62A314EF39C7556F6 /* brgnx-weekly.json */ = {isa = PBXFileReference; lastKnownFileType = text.json; path = "brgnx-weekly.json"; sourceTree = "<group>"; };
		8234569B6F7DD6620418A099 /* FundStore.swift */ = {isa = PBXFileReference; lastKnownFileType = sourcecode.swift; path = FundStore.swift; sourceTree = "<group>"; };
		84E4D35AF8187D701960FA42 /* FundTypeConfig.swift */ = {isa = PBXFileReference; lastKnownFileType = sourcecode.swift; path = FundTypeConfig.swift; sourceTree = "<group>"; };
		89B67B9D0233CE75C2517D8B /* EscapeMintApp.swift */ = {isa = PBXFileReference; lastKnownFileType = sourcecode.swift; path = EscapeMintApp.swift; sourceTree = "<group>"; };
		8A9C1C2AB4CC69B168913475 /* BacktestView.swift */ = {isa = PBXFileReference; lastKnownFileType = sourcecode.swift; path = BacktestView.swift; sourceTree = "<group>"; };
		8B66EEDBCE041795C1479F08 /* PortfolioTimeSeriesTests.swift */ = {isa = PBXFileReference; lastKnownFileType = sourcecode.swift; path = PortfolioTimeSeriesTests.swift; sourceTree = "<group>"; };
		8B8F396D11C7250A3C9E3B8D /* EscapeMintWidget.entitlements */ = {isa = PBXFileReference; lastKnownFileType = text.plist.entitlements; path = EscapeMintWidget.entitlements; sourceTree = "<group>"; };
		8BE8950DBDF58E24133D5122 /* slv-weekly.json */ = {isa = PBXFileReference; lastKnownFileType = text.json; path = "slv-weekly.json"; sourceTree = "<group>"; };
		8F26600F8259B5BEBBFB1C99 /* WidgetDataProvider.swift */ = {isa = PBXFileReference; lastKnownFileType = sourcecode.swift; path = WidgetDataProvider.swift; sourceTree = "<group>"; };
		9463BF27DD8F902F60445782 /* StorageTests.swift */ = {isa = PBXFileReference; lastKnownFileType = sourcecode.swift; path = StorageTests.swift; sourceTree = "<group>"; };
		99D7A4CBB9248028C4C8B2F9 /* EscapeMint.app */ = {isa = PBXFileReference; explicitFileType = wrapper.application; includeInIndex = 0; path = EscapeMint.app; sourceTree = BUILT_PRODUCTS_DIR; };
		9B549A3BFFCFE267E268C335 /* CashSyncTests.swift */ = {isa = PBXFileReference; lastKnownFileType = sourcecode.swift; path = CashSyncTests.swift; sourceTree = "<group>"; };
		9CF81295D6C93A9C4D22D1CC /* Formatters.swift */ = {isa = PBXFileReference; lastKnownFileType = sourcecode.swift; path = Formatters.swift; sourceTree = "<group>"; };
		9D9016C221D8B41402E543CF /* PlatformDetailView.swift */ = {isa = PBXFileReference; lastKnownFileType = sourcecode.swift; path = PlatformDetailView.swift; sourceTree = "<group>"; };
		9DEB29D5F7AD42857B739CEE /* EngineTests.swift */ = {isa = PBXFileReference; lastKnownFileType = sourcecode.swift; path = EngineTests.swift; sourceTree = "<group>"; };
		9EF8DB147F5CCF5962032B26 /* robinhoodtest-cash.json */ = {isa = PBXFileReference; lastKnownFileType = text.json; path = "robinhoodtest-cash.json"; sourceTree = "<group>"; };
		A1CDA29D3BC058B300AC82EA /* spxl-weekly.json */ = {isa = PBXFileReference; lastKnownFileType = text.json; path = "spxl-weekly.json"; sourceTree = "<group>"; };
		A93B5F48285731CDBAB58F06 /* FilePickerHelper.swift */ = {isa = PBXFileReference; lastKnownFileType = sourcecode.swift; path = FilePickerHelper.swift; sourceTree = "<group>"; };
		AA7B587266915BE35EF3BDDF /* tqqq-weekly.json */ = {isa = PBXFileReference; lastKnownFileType = text.json; path = "tqqq-weekly.json"; sourceTree = "<group>"; };
		ADF82E9F62C6337CA018D70F /* FundEngine.swift */ = {isa = PBXFileReference; lastKnownFileType = sourcecode.swift; path = FundEngine.swift; sourceTree = "<group>"; };
		AE0F3FAE053123425C3E2E1D /* WidgetSnapshotModels.swift */ = {isa = PBXFileReference; lastKnownFileType = sourcecode.swift; path = WidgetSnapshotModels.swift; sourceTree = "<group>"; };
		B4BBCB99D2DC606FB7140405 /* SpotlightIndexer.swift */ = {isa = PBXFileReference; lastKnownFileType = sourcecode.swift; path = SpotlightIndexer.swift; sourceTree = "<group>"; };
		BBCB0FDCE94E2404ABEFEA3C /* FormulaParserTests.swift */ = {isa = PBXFileReference; lastKnownFileType = sourcecode.swift; path = FormulaParserTests.swift; sourceTree = "<group>"; };
		BC7805190DCC3C9CC32685C4 /* PlatformsView.swift */ = {isa = PBXFileReference; lastKnownFileType = sourcecode.swift; path = PlatformsView.swift; sourceTree = "<group>"; };
		BDEC5159BE61B7F6E86705E7 /* robinhoodtest-cash.tsv */ = {isa = PBXFileReference; path = "robinhoodtest-cash.tsv"; sourceTree = "<group>"; };
		BFF252A47ECBD98740348309 /* AddEntryView.swift */ = {isa = PBXFileReference; lastKnownFileType = sourcecode.swift; path = AddEntryView.swift; sourceTree = "<group>"; };
		C16280FEC2F986BC0F5C70C5 /* FundDetailView.swift */ = {isa = PBXFileReference; lastKnownFileType = sourcecode.swift; path = FundDetailView.swift; sourceTree = "<group>"; };
		C3668C8C07BAA5888046A22B /* BacktestConfigPanel.swift */ = {isa = PBXFileReference; lastKnownFileType = sourcecode.swift; path = BacktestConfigPanel.swift; sourceTree = "<group>"; };
		C4F9B91C6175B8A229A158A5 /* EscapeMint.app */ = {isa = PBXFileReference; includeInIndex = 0; lastKnownFileType = wrapper.application; path = EscapeMint.app; sourceTree = BUILT_PRODUCTS_DIR; };
		C669BD8AC67F63BC10F2CFCF /* AppStorageKeys.swift */ = {isa = PBXFileReference; lastKnownFileType = sourcecode.swift; path = AppStorageKeys.swift; sourceTree = "<group>"; };
		C77048CAA018B5D730D1048A /* EscapeMintTests_iOS.xctest */ = {isa = PBXFileReference; includeInIndex = 0; lastKnownFileType = wrapper.cfbundle; path = EscapeMintTests_iOS.xctest; sourceTree = BUILT_PRODUCTS_DIR; };
		CA5A9F7DA84AF88E840673BB /* ChartSeriesTests.swift */ = {isa = PBXFileReference; lastKnownFileType = sourcecode.swift; path = ChartSeriesTests.swift; sourceTree = "<group>"; };
		CD7045F4A08A28EE158CB394 /* FundMetricsTests.swift */ = {isa = PBXFileReference; lastKnownFileType = sourcecode.swift; path = FundMetricsTests.swift; sourceTree = "<group>"; };
		D069B36344092C759389B19F /* EscapeMintWidget.appex */ = {isa = PBXFileReference; includeInIndex = 0; lastKnownFileType = "wrapper.app-extension"; path = EscapeMintWidget.appex; sourceTree = BUILT_PRODUCTS_DIR; };
		D0D6554AB71D71AEFD5CB7BA /* StatBox.swift */ = {isa = PBXFileReference; lastKnownFileType = sourcecode.swift; path = StatBox.swift; sourceTree = "<group>"; };
		D4948BA46E25035E9E656E36 /* IntroCharts.swift */ = {isa = PBXFileReference; lastKnownFileType = sourcecode.swift; path = IntroCharts.swift; sourceTree = "<group>"; };
		D8A67F19978F79577997C81D /* FormulaParser.swift */ = {isa = PBXFileReference; lastKnownFileType = sourcecode.swift; path = FormulaParser.swift; sourceTree = "<group>"; };
		DE273771E41052451E80DD9F /* BacktestCharts.swift */ = {isa = PBXFileReference; lastKnownFileType = sourcecode.swift; path = BacktestCharts.swift; sourceTree = "<group>"; };
		E0E8FFADDDBD64D9D18EDA3F /* coinbasetest-cash.tsv */ = {isa = PBXFileReference; path = "coinbasetest-cash.tsv"; sourceTree = "<group>"; };
		E1AB06925B2363B15915944E /* PortfolioTimeSeries.swift */ = {isa = PBXFileReference; lastKnownFileType = sourcecode.swift; path = PortfolioTimeSeries.swift; sourceTree = "<group>"; };
		E3E7DE8D9489AE0B0E85A6B5 /* StorageFallbackTests.swift */ = {isa = PBXFileReference; lastKnownFileType = sourcecode.swift; path = StorageFallbackTests.swift; sourceTree = "<group>"; };
		E53C89115C135EEDC05D6679 /* PortfolioEngine.swift */ = {isa = PBXFileReference; lastKnownFileType = sourcecode.swift; path = PortfolioEngine.swift; sourceTree = "<group>"; };
		E725D16A17E4F0835D06D981 /* BacktestEngine.swift */ = {isa = PBXFileReference; lastKnownFileType = sourcecode.swift; path = BacktestEngine.swift; sourceTree = "<group>"; };
		EE13E05BF89434FDA4849CA4 /* coinbasetest-btc.tsv */ = {isa = PBXFileReference; path = "coinbasetest-btc.tsv"; sourceTree = "<group>"; };
		EE306CC057A54F1DBFC1B1CA /* AdvancedTools.swift */ = {isa = PBXFileReference; lastKnownFileType = sourcecode.swift; path = AdvancedTools.swift; sourceTree = "<group>"; };
		EEEDEDE31CF3AEE44DEDE3EE /* DCANotificationManager.swift */ = {isa = PBXFileReference; lastKnownFileType = sourcecode.swift; path = DCANotificationManager.swift; sourceTree = "<group>"; };
		FA953739D75435BB66AB189B /* ServicesTests.swift */ = {isa = PBXFileReference; lastKnownFileType = sourcecode.swift; path = ServicesTests.swift; sourceTree = "<group>"; };
		FAA79537E5DE06EC77B10C04 /* ActionableFundsBanner.swift */ = {isa = PBXFileReference; lastKnownFileType = sourcecode.swift; path = ActionableFundsBanner.swift; sourceTree = "<group>"; };
/* End PBXFileReference section */

/* Begin PBXGroup section */
		098DA6E7F0D7961AC646AFF7 /* Models */ = {
			isa = PBXGroup;
			children = (
				C669BD8AC67F63BC10F2CFCF /* AppStorageKeys.swift */,
				3A1A407DBC865895E7439F3D /* EntryColumns.swift */,
				84E4D35AF8187D701960FA42 /* FundTypeConfig.swift */,
				123ED17F2A466332A31D87A3 /* FundTypes.swift */,
			);
			path = Models;
			sourceTree = "<group>";
		};
		17D9E83481D5A7226E9A862D /* EscapeMintWidget */ = {
			isa = PBXGroup;
			children = (
				8B8F396D11C7250A3C9E3B8D /* EscapeMintWidget.entitlements */,
				23E3D71E800AE946CD1BCB3C /* EscapeMintWidget.swift */,
				0A954F45F93354E3501A9A7E /* Info.plist */,
			);
			path = EscapeMintWidget;
			sourceTree = "<group>";
		};
		1BBFEB1AE452A2A51EEB0759 /* Shared */ = {
			isa = PBXGroup;
			children = (
				AE0F3FAE053123425C3E2E1D /* WidgetSnapshotModels.swift */,
			);
			path = Shared;
			sourceTree = "<group>";
		};
		24914B010A4C57D01A710CF3 /* EscapeMint */ = {
			isa = PBXGroup;
			children = (
				AF3D37BB7266FDA1DA5C53D7 /* App */,
				FE4FFB5BF6C2B016C4E47427 /* Engine */,
				098DA6E7F0D7961AC646AFF7 /* Models */,
				A31BF592600AD8A67F526C0C /* Resources */,
				34FEEF14E0B2B9DDB6BC58FB /* Services */,
				7DEF6F00992DF917714B9B53 /* Storage */,
				BC5CE42357CDFFD71C7B8E54 /* Theme */,
				2B23381D6597C953F612F909 /* Views */,
			);
			path = EscapeMint;
			sourceTree = "<group>";
		};
		2A2F0CB76037ABEC550C87CA /* Backtest */ = {
			isa = PBXGroup;
			children = (
				DE273771E41052451E80DD9F /* BacktestCharts.swift */,
				C3668C8C07BAA5888046A22B /* BacktestConfigPanel.swift */,
				42D65DB13952E5D475D4A596 /* BacktestTransactions.swift */,
				8A9C1C2AB4CC69B168913475 /* BacktestView.swift */,
			);
			path = Backtest;
			sourceTree = "<group>";
		};
		2B23381D6597C953F612F909 /* Views */ = {
			isa = PBXGroup;
			children = (
				78D743CDEB10A34014C5F1A2 /* AuditTrail */,
				2A2F0CB76037ABEC550C87CA /* Backtest */,
				F83747F2DA3E9E59E33F983C /* Dashboard */,
				D8FAFF6B6790D7A9F462993D /* FundDetail */,
				444CC13F9A79518844DEEFB4 /* IntroGuide */,
				A93BEC85456ACD4DAC4BC656 /* Platform */,
				78210AACA08A819AB7199F50 /* Platforms */,
				981EEB206CC98B8DC81F8B05 /* Settings */,
				DE2631162B106E847110DBD5 /* Shared */,
			);
			path = Views;
			sourceTree = "<group>";
		};
		34FEEF14E0B2B9DDB6BC58FB /* Services */ = {
			isa = PBXGroup;
			children = (
				0A6F3B49FC8BE5BDD0D59CDD /* AuthManager.swift */,
				EEEDEDE31CF3AEE44DEDE3EE /* DCANotificationManager.swift */,
				5E886B330895070707EA7018 /* HistoricalDataLoader.swift */,
				28B9BA94998CDC7A51047BDF /* KeychainHelper.swift */,
				B4BBCB99D2DC606FB7140405 /* SpotlightIndexer.swift */,
				18B568AF3D3DF9595431CEBE /* StoreDockBadge.swift */,
				35E92242D8AFD2A3779102DE /* StoreSideEffects.swift */,
				8F26600F8259B5BEBBFB1C99 /* WidgetDataProvider.swift */,
			);
			path = Services;
			sourceTree = "<group>";
		};
		444CC13F9A79518844DEEFB4 /* IntroGuide */ = {
			isa = PBXGroup;
			children = (
				D4948BA46E25035E9E656E36 /* IntroCharts.swift */,
				0CFE5DCF234170C9D9424BB9 /* IntroContent.swift */,
				5439E3A322BB84FE60191A58 /* IntroGuideView.swift */,
			);
			path = IntroGuide;
			sourceTree = "<group>";
		};
		78210AACA08A819AB7199F50 /* Platforms */ = {
			isa = PBXGroup;
			children = (
				BC7805190DCC3C9CC32685C4 /* PlatformsView.swift */,
			);
			path = Platforms;
			sourceTree = "<group>";
		};
		78D743CDEB10A34014C5F1A2 /* AuditTrail */ = {
			isa = PBXGroup;
			children = (
				72E8011701E83725108665A2 /* AuditTrailView.swift */,
			);
			path = AuditTrail;
			sourceTree = "<group>";
		};
		7DEF6F00992DF917714B9B53 /* Storage */ = {
			isa = PBXGroup;
			children = (
				1B5C0157B3A2F0FEB594AA56 /* FundDataStore.swift */,
				8234569B6F7DD6620418A099 /* FundStore.swift */,
				5DC2A3A2E56F3738F4A5F705 /* ICloudSyncMonitor.swift */,
				2164A2148317851922E92087 /* ViewCache.swift */,
			);
			path = Storage;
			sourceTree = "<group>";
		};
		981EEB206CC98B8DC81F8B05 /* Settings */ = {
			isa = PBXGroup;
			children = (
				7A691160995BF44A1DFE5634 /* SettingsView.swift */,
			);
			path = Settings;
			sourceTree = "<group>";
		};
		A31BF592600AD8A67F526C0C /* Resources */ = {
			isa = PBXGroup;
			children = (
				CC52127D1B1A07A471E44CF7 /* TestData */,
				7DD4A3D62A314EF39C7556F6 /* brgnx-weekly.json */,
				62673091D474C5E9C408B22C /* btc-weekly.json */,
				2FA36F78945896AA5A44225F /* gld-weekly.json */,
				8BE8950DBDF58E24133D5122 /* slv-weekly.json */,
				A1CDA29D3BC058B300AC82EA /* spxl-weekly.json */,
				AA7B587266915BE35EF3BDDF /* tqqq-weekly.json */,
				72B24FDF289E498E5460BB1F /* vti-weekly.json */,
			);
			path = Resources;
			sourceTree = "<group>";
		};
		A93BEC85456ACD4DAC4BC656 /* Platform */ = {
			isa = PBXGroup;
			children = (
				9D9016C221D8B41402E543CF /* PlatformDetailView.swift */,
			);
			path = Platform;
			sourceTree = "<group>";
		};
		AF3D37BB7266FDA1DA5C53D7 /* App */ = {
			isa = PBXGroup;
			children = (
				4141AFA78E93A2BB544FFD49 /* Assets.xcassets */,
				50BB80B0D333342E7009BBD6 /* EscapeMint-macOS.entitlements */,
				0DF6302CD46DDE6D7F7FDF2A /* EscapeMint.entitlements */,
				89B67B9D0233CE75C2517D8B /* EscapeMintApp.swift */,
				4A2D5E0BEEB8E52E0461ADC0 /* Info.plist */,
			);
			path = App;
			sourceTree = "<group>";
		};
		BC5CE42357CDFFD71C7B8E54 /* Theme */ = {
			isa = PBXGroup;
			children = (
				0653A0CB7C81F563F38D00C1 /* AppearanceManager.swift */,
				9CF81295D6C93A9C4D22D1CC /* Formatters.swift */,
				0E936380A18BD7F2191F202E /* PlatformModifiers.swift */,
				0536F00CCC4E2347521E1B56 /* Theme.swift */,
			);
			path = Theme;
			sourceTree = "<group>";
		};
		CC52127D1B1A07A471E44CF7 /* TestData */ = {
			isa = PBXGroup;
			children = (
				73E706FC8B143B51FB8C2E3C /* coinbasetest-btc.json */,
				EE13E05BF89434FDA4849CA4 /* coinbasetest-btc.tsv */,
				28D10063CEA04E34B422E48A /* coinbasetest-cash.json */,
				E0E8FFADDDBD64D9D18EDA3F /* coinbasetest-cash.tsv */,
				9EF8DB147F5CCF5962032B26 /* robinhoodtest-cash.json */,
				BDEC5159BE61B7F6E86705E7 /* robinhoodtest-cash.tsv */,
				2324DA91E49C3F0CD95CE1DE /* robinhoodtest-spxl.json */,
				21D4714188FFBF94FFC7D146 /* robinhoodtest-spxl.tsv */,
				28267799E2A77C972DF8DDB9 /* robinhoodtest-tqqq.json */,
				2259AF8CF6454043EE230821 /* robinhoodtest-tqqq.tsv */,
			);
			path = TestData;
			sourceTree = "<group>";
		};
		CD7B787A97EDE3519CB9E3B3 /* EscapeMintTests */ = {
			isa = PBXGroup;
			children = (
				43EA0A1D7008E27E20D07B13 /* AdvancedToolsTests.swift */,
				6F36012CC7764D32C01C4EED /* BackupRoundTripTests.swift */,
				9B549A3BFFCFE267E268C335 /* CashSyncTests.swift */,
				CA5A9F7DA84AF88E840673BB /* ChartSeriesTests.swift */,
				3EDB80A7FE63C588D7533369 /* DCANotificationSchedulingTests.swift */,
				9DEB29D5F7AD42857B739CEE /* EngineTests.swift */,
				BBCB0FDCE94E2404ABEFEA3C /* FormulaParserTests.swift */,
				CD7045F4A08A28EE158CB394 /* FundMetricsTests.swift */,
				534DF85FB1030ADC4B28C0D3 /* FundStoreConcurrencyTests.swift */,
				7C7A3006FF7A343378AAB90F /* LiveRecommendationTests.swift */,
				8B66EEDBCE041795C1479F08 /* PortfolioTimeSeriesTests.swift */,
				FA953739D75435BB66AB189B /* ServicesTests.swift */,
				E3E7DE8D9489AE0B0E85A6B5 /* StorageFallbackTests.swift */,
				9463BF27DD8F902F60445782 /* StorageTests.swift */,
				6B9C24F786271E3E8E8B7A1D /* ViewCacheTests.swift */,
			);
			path = EscapeMintTests;
			sourceTree = "<group>";
		};
		D598F1BC45992489C9DDAAD3 /* Products */ = {
			isa = PBXGroup;
			children = (
				C4F9B91C6175B8A229A158A5 /* EscapeMint.app */,
				99D7A4CBB9248028C4C8B2F9 /* EscapeMint.app */,
				C77048CAA018B5D730D1048A /* EscapeMintTests_iOS.xctest */,
				2057B87E511BC30733DF4121 /* EscapeMintTests_macOS.xctest */,
				D069B36344092C759389B19F /* EscapeMintWidget.appex */,
			);
			name = Products;
			sourceTree = "<group>";
		};
		D8FAFF6B6790D7A9F462993D /* FundDetail */ = {
			isa = PBXGroup;
			children = (
				BFF252A47ECBD98740348309 /* AddEntryView.swift */,
				206783117061273B786BA40A /* DerivativesCharts.swift */,
				4CB98C8C76DB995DB12DB51C /* EditEntryView.swift */,
				5178FBFF2608094D106457C0 /* EditFundView.swift */,
				78DC2F09A67B37D9062AFAC8 /* FundCharts.swift */,
				C16280FEC2F986BC0F5C70C5 /* FundDetailView.swift */,
				3B0F9CBFA841C5EAF45B1A2F /* GuidedAddEntryView.swift */,
			);
			path = FundDetail;
			sourceTree = "<group>";
		};
		DE2631162B106E847110DBD5 /* Shared */ = {
			isa = PBXGroup;
			children = (
				78146FC52E9061B1A1504136 /* EntryFormHelpers.swift */,
				015479839B54BBA737A6903D /* EscapeMintLoadingView.swift */,
				A93B5F48285731CDBAB58F06 /* FilePickerHelper.swift */,
				2E641E9CCCCA375177111F7A /* InfoTipLabel.swift */,
				524A60C790216C69F3B6D153 /* LockScreenView.swift */,
				55C07B5D650437E29AF74984 /* MetricCard.swift */,
				6DDEBB26B5A4523E7DF3AB87 /* NotificationNames.swift */,
				10BFEB1D9F0CE377C93BCF99 /* PreviewData.swift */,
				D0D6554AB71D71AEFD5CB7BA /* StatBox.swift */,
			);
			path = Shared;
			sourceTree = "<group>";
		};
		ED4C3BA77D42148A6A9B09DA = {
			isa = PBXGroup;
			children = (
				24914B010A4C57D01A710CF3 /* EscapeMint */,
				CD7B787A97EDE3519CB9E3B3 /* EscapeMintTests */,
				17D9E83481D5A7226E9A862D /* EscapeMintWidget */,
				1BBFEB1AE452A2A51EEB0759 /* Shared */,
				D598F1BC45992489C9DDAAD3 /* Products */,
			);
			sourceTree = "<group>";
		};
		F83747F2DA3E9E59E33F983C /* Dashboard */ = {
			isa = PBXGroup;
			children = (
				FAA79537E5DE06EC77B10C04 /* ActionableFundsBanner.swift */,
				716845DB9D559691A02AEFAE /* CreateFundView.swift */,
				5E6AFD1F57B408213E9E0D3B /* DashboardView.swift */,
				3F80087125ABA29D4B680493 /* FundCardView.swift */,
				5730A378FC32A73CBE470B4D /* PortfolioCharts.swift */,
			);
			path = Dashboard;
			sourceTree = "<group>";
		};
		FE4FFB5BF6C2B016C4E47427 /* Engine */ = {
			isa = PBXGroup;
			children = (
				EE306CC057A54F1DBFC1B1CA /* AdvancedTools.swift */,
				E725D16A17E4F0835D06D981 /* BacktestEngine.swift */,
				6AE4FB89CA6A1686B8844967 /* ChartSeries.swift */,
				15B673A9482FD463F5027CA9 /* Converters.swift */,
				5439BBC1177FF1E1731CC88A /* DerivativesEngine.swift */,
				762CA3A59DB3B401014402C2 /* EntryHelpers.swift */,
				D8A67F19978F79577997C81D /* FormulaParser.swift */,
				ADF82E9F62C6337CA018D70F /* FundEngine.swift */,
				E53C89115C135EEDC05D6679 /* PortfolioEngine.swift */,
				E1AB06925B2363B15915944E /* PortfolioTimeSeries.swift */,
			);
			path = Engine;
			sourceTree = "<group>";
		};
/* End PBXGroup section */

/* Begin PBXNativeTarget section */
		23079936C7795D89D6D6FA85 /* EscapeMintTests_macOS */ = {
			isa = PBXNativeTarget;
			buildConfigurationList = 9577C2C59497780F6F702726 /* Build configuration list for PBXNativeTarget "EscapeMintTests_macOS" */;
			buildPhases = (
				CDD59430B61290A9BEFBCB11 /* Sources */,
			);
			buildRules = (
			);
			dependencies = (
				C3106EBFC0395527B4E15DFF /* PBXTargetDependency */,
			);
			name = EscapeMintTests_macOS;
			packageProductDependencies = (
			);
			productName = EscapeMintTests_macOS;
			productReference = 2057B87E511BC30733DF4121 /* EscapeMintTests_macOS.xctest */;
			productType = "com.apple.product-type.bundle.unit-test";
		};
		579BDC633614FBB7BB0DAEE4 /* EscapeMint_macOS */ = {
			isa = PBXNativeTarget;
			buildConfigurationList = 64DBAF7FA788E2B5D9003ED7 /* Build configuration list for PBXNativeTarget "EscapeMint_macOS" */;
			buildPhases = (
				0AC6B42C06A85F39F5F27713 /* Sources */,
				8AAE98C43583514372E80B09 /* Resources */,
			);
			buildRules = (
			);
			dependencies = (
			);
			name = EscapeMint_macOS;
			packageProductDependencies = (
			);
			productName = EscapeMint_macOS;
			productReference = 99D7A4CBB9248028C4C8B2F9 /* EscapeMint.app */;
			productType = "com.apple.product-type.application";
		};
		7F83A01BEB8C7FD255B40AF0 /* EscapeMintWidget_iOS */ = {
			isa = PBXNativeTarget;
			buildConfigurationList = 69EED178EF897666CC24E08C /* Build configuration list for PBXNativeTarget "EscapeMintWidget_iOS" */;
			buildPhases = (
				11F94B5E333439137B1733BD /* Sources */,
			);
			buildRules = (
			);
			dependencies = (
			);
			name = EscapeMintWidget_iOS;
			packageProductDependencies = (
			);
			productName = EscapeMintWidget_iOS;
			productReference = D069B36344092C759389B19F /* EscapeMintWidget.appex */;
			productType = "com.apple.product-type.app-extension";
		};
		C4CDC287DAE331C76445E6FB /* EscapeMint_iOS */ = {
			isa = PBXNativeTarget;
			buildConfigurationList = D25320A3BC926358A0790971 /* Build configuration list for PBXNativeTarget "EscapeMint_iOS" */;
			buildPhases = (
				678FB095C2E083FD6F27156E /* Sources */,
				9B2CCBBDA0EFD44EBD6A944C /* Resources */,
				77C50A1EC3C0B4A79BB34331 /* Embed Foundation Extensions */,
			);
			buildRules = (
			);
			dependencies = (
				ED4FCE42F5276F0C4DB5435E /* PBXTargetDependency */,
			);
			name = EscapeMint_iOS;
			packageProductDependencies = (
			);
			productName = EscapeMint_iOS;
			productReference = C4F9B91C6175B8A229A158A5 /* EscapeMint.app */;
			productType = "com.apple.product-type.application";
		};
		DB0D534AC510DCF71ADA54DF /* EscapeMintTests_iOS */ = {
			isa = PBXNativeTarget;
			buildConfigurationList = 10D641AFB3A1D19EEEBAF458 /* Build configuration list for PBXNativeTarget "EscapeMintTests_iOS" */;
			buildPhases = (
				8D92AB0002E955E24BD15171 /* Sources */,
			);
			buildRules = (
			);
			dependencies = (
				A39DBC1D760BE43CB5A4CF0C /* PBXTargetDependency */,
			);
			name = EscapeMintTests_iOS;
			packageProductDependencies = (
			);
			productName = EscapeMintTests_iOS;
			productReference = C77048CAA018B5D730D1048A /* EscapeMintTests_iOS.xctest */;
			productType = "com.apple.product-type.bundle.unit-test";
		};
/* End PBXNativeTarget section */

/* Begin PBXProject section */
		67B517483F51F1654F89779D /* Project object */ = {
			isa = PBXProject;
			attributes = {
				BuildIndependentTargetsInParallel = YES;
				LastUpgradeCheck = 1600;
				TargetAttributes = {
					23079936C7795D89D6D6FA85 = {
						DevelopmentTeam = TYQ32QCF6K;
					};
					579BDC633614FBB7BB0DAEE4 = {
						DevelopmentTeam = TYQ32QCF6K;
						ProvisioningStyle = Automatic;
					};
					7F83A01BEB8C7FD255B40AF0 = {
						DevelopmentTeam = TYQ32QCF6K;
						ProvisioningStyle = Automatic;
					};
					C4CDC287DAE331C76445E6FB = {
						DevelopmentTeam = TYQ32QCF6K;
						ProvisioningStyle = Automatic;
					};
					DB0D534AC510DCF71ADA54DF = {
						DevelopmentTeam = TYQ32QCF6K;
					};
				};
			};
			buildConfigurationList = 3952FA7BD6731DF054CB71F1 /* Build configuration list for PBXProject "EscapeMint" */;
			developmentRegion = en;
			hasScannedForEncodings = 0;
			knownRegions = (
				Base,
				en,
			);
			mainGroup = ED4C3BA77D42148A6A9B09DA;
			minimizedProjectReferenceProxies = 1;
			preferredProjectObjectVersion = 77;
			productRefGroup = D598F1BC45992489C9DDAAD3 /* Products */;
			projectDirPath = "";
			projectRoot = "";
			targets = (
				DB0D534AC510DCF71ADA54DF /* EscapeMintTests_iOS */,
				23079936C7795D89D6D6FA85 /* EscapeMintTests_macOS */,
				7F83A01BEB8C7FD255B40AF0 /* EscapeMintWidget_iOS */,
				C4CDC287DAE331C76445E6FB /* EscapeMint_iOS */,
				579BDC633614FBB7BB0DAEE4 /* EscapeMint_macOS */,
			);
		};
/* End PBXProject section */

/* Begin PBXResourcesBuildPhase section */
		8AAE98C43583514372E80B09 /* Resources */ = {
			isa = PBXResourcesBuildPhase;
			buildActionMask = 2147483647;
			files = (
				FE2F594896C76DE493FAD5C4 /* Assets.xcassets in Resources */,
				A795E282C3CCB5CE7DB24527 /* brgnx-weekly.json in Resources */,
				CC31BD57B8B4EC7862535B39 /* btc-weekly.json in Resources */,
				F73C2BA7DC7C77621AEF94B7 /* coinbasetest-btc.json in Resources */,
				F0079A7EB11BFC30F5C82043 /* coinbasetest-btc.tsv in Resources */,
				66BD159218FE4D82FE08B1A9 /* coinbasetest-cash.json in Resources */,
				05E6EE7E9E935792AFD0637E /* coinbasetest-cash.tsv in Resources */,
				AD96A443A9DB27699AAC7BDD /* gld-weekly.json in Resources */,
				ABFB4A69F5E4070C4BEE0D46 /* robinhoodtest-cash.json in Resources */,
				64CBF138D1FCCDA50A6FEA2D /* robinhoodtest-cash.tsv in Resources */,
				8BDFE951A555911094A4F7FF /* robinhoodtest-spxl.json in Resources */,
				204E9721E790338C60C1F67E /* robinhoodtest-spxl.tsv in Resources */,
				3C7D5FA1754A58827324398B /* robinhoodtest-tqqq.json in Resources */,
				13736010A21E9F8458364233 /* robinhoodtest-tqqq.tsv in Resources */,
				8F35375656B97CFA5DDF49D1 /* slv-weekly.json in Resources */,
				CDD968D5B4196DF0CEB2D798 /* spxl-weekly.json in Resources */,
				8B2DE7CE44327991FE480DB3 /* tqqq-weekly.json in Resources */,
				496BA8A4C43BF265DAF6205F /* vti-weekly.json in Resources */,
			);
			runOnlyForDeploymentPostprocessing = 0;
		};
		9B2CCBBDA0EFD44EBD6A944C /* Resources */ = {
			isa = PBXResourcesBuildPhase;
			buildActionMask = 2147483647;
			files = (
				0A946C739855BA689CE4EC01 /* Assets.xcassets in Resources */,
				F2146FA5D69DD0694E1E29FF /* brgnx-weekly.json in Resources */,
				8C6EDB9E202D741C12A9C69D /* btc-weekly.json in Resources */,
				264B08D4BF510C5ECFCB7EED /* coinbasetest-btc.json in Resources */,
				48B9FEC85A997B31A366F9E4 /* coinbasetest-btc.tsv in Resources */,
				CFB0DB85FA6B787056AADE51 /* coinbasetest-cash.json in Resources */,
				53B861E3892CB31EF24911BF /* coinbasetest-cash.tsv in Resources */,
				82B10A98F56FB62DE964F54F /* gld-weekly.json in Resources */,
				2C78E452ED32276E3C625249 /* robinhoodtest-cash.json in Resources */,
				65B3EC108FE713A5B400FA5D /* robinhoodtest-cash.tsv in Resources */,
				B8047AE46A726EDA9BADE48D /* robinhoodtest-spxl.json in Resources */,
				E6C3021DF3A8B16A7C437147 /* robinhoodtest-spxl.tsv in Resources */,
				7F0795B73CDDA0F1740CC77F /* robinhoodtest-tqqq.json in Resources */,
				BF86A28C297812E6CC78D1C6 /* robinhoodtest-tqqq.tsv in Resources */,
				55587AFF22810DD9D1BB3D76 /* slv-weekly.json in Resources */,
				BCBDF87F48F3742996392369 /* spxl-weekly.json in Resources */,
				E4E0DD9225F3EB3FF014E108 /* tqqq-weekly.json in Resources */,
				DA1119CCE8C47551F26DCCB1 /* vti-weekly.json in Resources */,
			);
			runOnlyForDeploymentPostprocessing = 0;
		};
/* End PBXResourcesBuildPhase section */

/* Begin PBXSourcesBuildPhase section */
		0AC6B42C06A85F39F5F27713 /* Sources */ = {
			isa = PBXSourcesBuildPhase;
			buildActionMask = 2147483647;
			files = (
				2CCCC96D9726E43C2600B59B /* ActionableFundsBanner.swift in Sources */,
				3CC59A024D8346DE8F6B4F08 /* AddEntryView.swift in Sources */,
				BE54A8C9C11054F4DE6F27D5 /* AdvancedTools.swift in Sources */,
				492361B0318CD4F1E441B516 /* AppStorageKeys.swift in Sources */,
				58D0B9DE1C246402ADD32CF6 /* AppearanceManager.swift in Sources */,
				F9AD19FCC89D6ED33D924C7D /* AuditTrailView.swift in Sources */,
				2D036FF35B1969FA2EFDE556 /* AuthManager.swift in Sources */,
				34D34944ADBC48298BC126F7 /* BacktestCharts.swift in Sources */,
				33447DF6775996C30774BBB2 /* BacktestConfigPanel.swift in Sources */,
				84A52F16EF27156A386853DE /* BacktestEngine.swift in Sources */,
				CE6E624BE9136E786FFF12F2 /* BacktestTransactions.swift in Sources */,
				1AA71BFCED97656280FF3C07 /* BacktestView.swift in Sources */,
				5053D1A9A6AF0AC66A3DFB1B /* ChartSeries.swift in Sources */,
				94344EF2DAAFD9E0644FAF17 /* Converters.swift in Sources */,
				1B21A19E3A1DBE5232B4E2FF /* CreateFundView.swift in Sources */,
				2B676A43D4F8628DEA0F5879 /* DCANotificationManager.swift in Sources */,
				5E2FF513C6EB32565600A3A4 /* DashboardView.swift in Sources */,
				3A8A4108E6390930A06CAC9A /* DerivativesCharts.swift in Sources */,
				BF9F8885045B3594D0D28670 /* DerivativesEngine.swift in Sources */,
				3FF9F76DC70C4D2D2AAA77E2 /* EditEntryView.swift in Sources */,
				952FF89A615E2D3D7D2B804A /* EditFundView.swift in Sources */,
				1BD5D9C76D003B85ED6D2C2E /* EntryColumns.swift in Sources */,
				16EA12C051E1C27B3CEF8647 /* EntryFormHelpers.swift in Sources */,
				E411C6417CF80B12FEC071DF /* EntryHelpers.swift in Sources */,
				42536F85618CDA7693CC33F2 /* EscapeMintApp.swift in Sources */,
				E52B732DFC6F5AB39688B125 /* EscapeMintLoadingView.swift in Sources */,
				742EB8FE398D7704E9A21F98 /* FilePickerHelper.swift in Sources */,
				17FB2541C0CEEC28CD1ABA20 /* Formatters.swift in Sources */,
				00CF1D256E98CC6CDB47E710 /* FormulaParser.swift in Sources */,
				F85646C4B05938C26C193E81 /* FundCardView.swift in Sources */,
				D4AA378DD170290DE9E65AD4 /* FundCharts.swift in Sources */,
				4CC387AE5BD815C7DCE6AC66 /* FundDataStore.swift in Sources */,
				FFE3C12B0B0AABC7A36F4F7B /* FundDetailView.swift in Sources */,
				766BF0790E63551102726710 /* FundEngine.swift in Sources */,
				F339FA95C574744D9FAFC2AD /* FundStore.swift in Sources */,
				CBF230C3FE1A6EB5F2D9E4CF /* FundTypeConfig.swift in Sources */,
				9D4F95A5410881EFEE36142F /* FundTypes.swift in Sources */,
				A1B268951A0C5D4BE33B80E0 /* GuidedAddEntryView.swift in Sources */,
				BDCB853DFC266635DB3458F9 /* HistoricalDataLoader.swift in Sources */,
				EDA3DAD9464F50D8179EE797 /* ICloudSyncMonitor.swift in Sources */,
				AA668949A41CFE6BE61CC085 /* InfoTipLabel.swift in Sources */,
				F4AE21EA90918C341A6946AD /* IntroCharts.swift in Sources */,
				5D1ACA7E51AFB3F87310DE88 /* IntroContent.swift in Sources */,
				73A0B128972CB4F65E452D7C /* IntroGuideView.swift in Sources */,
				6747EF58F1D183CCA49C979E /* KeychainHelper.swift in Sources */,
				9ADC0757152CADB4FA9EDB74 /* LockScreenView.swift in Sources */,
				2CE987711651869ABD5AE628 /* MetricCard.swift in Sources */,
				0B7D62B3B1AC28C01294E542 /* NotificationNames.swift in Sources */,
				0AC07BA8470D75514734E39D /* PlatformDetailView.swift in Sources */,
				7D9CEDB96C240E4C9B866F50 /* PlatformModifiers.swift in Sources */,
				3361AFF542BA7F42EDE09394 /* PlatformsView.swift in Sources */,
				215E053FDD165C9E469C48A6 /* PortfolioCharts.swift in Sources */,
				D82EDD49A5A8F5D7BB34E4E8 /* PortfolioEngine.swift in Sources */,
				A9903C8077DF9DBC6FC8DA28 /* PortfolioTimeSeries.swift in Sources */,
				66F9004333FAA62B135D62C5 /* PreviewData.swift in Sources */,
				9393767F6EF181A9BB23C53A /* SettingsView.swift in Sources */,
				E0001C2ADB941F78F9699EBD /* SpotlightIndexer.swift in Sources */,
				6C75E91B0F6FECF184432C98 /* StatBox.swift in Sources */,
				D1CE1B005710D6A0481D7506 /* StoreDockBadge.swift in Sources */,
				26FC0CD3D4E75BA85FBDD8D4 /* StoreSideEffects.swift in Sources */,
				237C11327A55B367CD5EC233 /* Theme.swift in Sources */,
				1C1460916E8155A40E33142E /* ViewCache.swift in Sources */,
				60729F93D47A7C7F4B7F06B8 /* WidgetDataProvider.swift in Sources */,
				66CA6FA6BD33907928831035 /* WidgetSnapshotModels.swift in Sources */,
			);
			runOnlyForDeploymentPostprocessing = 0;
		};
		11F94B5E333439137B1733BD /* Sources */ = {
			isa = PBXSourcesBuildPhase;
			buildActionMask = 2147483647;
			files = (
				CAB653772F235CDAA552A708 /* EscapeMintWidget.swift in Sources */,
				14DFBBA3032AB6B69AF2C13C /* WidgetSnapshotModels.swift in Sources */,
			);
			runOnlyForDeploymentPostprocessing = 0;
		};
		678FB095C2E083FD6F27156E /* Sources */ = {
			isa = PBXSourcesBuildPhase;
			buildActionMask = 2147483647;
			files = (
				8BF59AB08706035EC43FBCFB /* ActionableFundsBanner.swift in Sources */,
				CC01A0E06B50D0B8B2FD6A86 /* AddEntryView.swift in Sources */,
				C5EA5640DF0B733C575E0FE0 /* AdvancedTools.swift in Sources */,
				EBE4D6C7460001073E2F62AA /* AppStorageKeys.swift in Sources */,
				BA705DF3CCF3E382D2289B65 /* AppearanceManager.swift in Sources */,
				8D8079E7073E294BC0F8BE35 /* AuditTrailView.swift in Sources */,
				D19B5BE222995BF7D3FFFF5E /* AuthManager.swift in Sources */,
				9DC304A05E7B231C017F74C4 /* BacktestCharts.swift in Sources */,
				14BD6E470FBB3F05EE989E37 /* BacktestConfigPanel.swift in Sources */,
				DBF3B221C34D9633C2A18EDF /* BacktestEngine.swift in Sources */,
				CDBED69DCFAFCF4B3A2D830B /* BacktestTransactions.swift in Sources */,
				0FC73A03BA9BAE5BA0A47AE8 /* BacktestView.swift in Sources */,
				3C982E833ACF982F33FAE6B1 /* ChartSeries.swift in Sources */,
				59C7ACF796B9A37DB6B2F832 /* Converters.swift in Sources */,
				1CA8B07A2B186B8B449AE2D3 /* CreateFundView.swift in Sources */,
				9862AF46D12BC9C034A58091 /* DCANotificationManager.swift in Sources */,
				8DF900326F27FB50847A2FA5 /* DashboardView.swift in Sources */,
				5653E180C5C5F8DE88179A6B /* DerivativesCharts.swift in Sources */,
				01CD089BD98EA27556CECDC5 /* DerivativesEngine.swift in Sources */,
				B2458A2217463775A1EE26B3 /* EditEntryView.swift in Sources */,
				4410F30862490B374CCE6632 /* EditFundView.swift in Sources */,
				51EB3D963413A2F05AC1152C /* EntryColumns.swift in Sources */,
				8E2AC520DB68235E8E35DE60 /* EntryFormHelpers.swift in Sources */,
				C36A1E39CA3F5E7BD8F1F087 /* EntryHelpers.swift in Sources */,
				CFF07BF43EECAB7A8E1A4ECB /* EscapeMintApp.swift in Sources */,
				7202A09CF06020B67B8D4E86 /* EscapeMintLoadingView.swift in Sources */,
				616D4F04771A242D1C8336EA /* FilePickerHelper.swift in Sources */,
				50073187F0C73B8FB20E8A96 /* Formatters.swift in Sources */,
				B979633DC473F06CC992BEDC /* FormulaParser.swift in Sources */,
				192442462A6FE331F8E495C3 /* FundCardView.swift in Sources */,
				788AEA7348838EC514180C76 /* FundCharts.swift in Sources */,
				881770F19680895E015AC2CE /* FundDataStore.swift in Sources */,
				9D06DBF112A37DE74E6DE5A9 /* FundDetailView.swift in Sources */,
				0CA6CF646D2EF74DD5AC7700 /* FundEngine.swift in Sources */,
				43ABDDC343390B9A629C8276 /* FundStore.swift in Sources */,
				5E57D2379D4A66CC5609FA44 /* FundTypeConfig.swift in Sources */,
				A091E84FEB7B129C8C758FD1 /* FundTypes.swift in Sources */,
				A0D70C96C27E642E9AAFBA9A /* GuidedAddEntryView.swift in Sources */,
				DF7AB51662EA55CD22B4D62C /* HistoricalDataLoader.swift in Sources */,
				6436802C391D89F147AC5E19 /* ICloudSyncMonitor.swift in Sources */,
				E78FE5892BCCB09037698360 /* InfoTipLabel.swift in Sources */,
				DBD3CC62B6F1522CA01C89ED /* IntroCharts.swift in Sources */,
				F7B47A9723F0B8D7DF9154CF /* IntroContent.swift in Sources */,
				0C2B4BA0E0583D0D81935D4F /* IntroGuideView.swift in Sources */,
				4016B307BB2B3DD1B9D0672B /* KeychainHelper.swift in Sources */,
				5054A9B1DC45CD5F64FE1290 /* LockScreenView.swift in Sources */,
				FB0DD1BA773F836A3434D1D0 /* MetricCard.swift in Sources */,
				7064B056C01915EFDB93C772 /* NotificationNames.swift in Sources */,
				2C7C7FEBEC9E2493FF061567 /* PlatformDetailView.swift in Sources */,
				11C864866C071577BE475340 /* PlatformModifiers.swift in Sources */,
				9E11DB41559D7F147E9C1B15 /* PlatformsView.swift in Sources */,
				5C9B25248B881F120DC7AC22 /* PortfolioCharts.swift in Sources */,
				C0E7BD4DD95B42116A303CA3 /* PortfolioEngine.swift in Sources */,
				7667826D79A274883D32ED96 /* PortfolioTimeSeries.swift in Sources */,
				68A23EF44C80C3C9565151D0 /* PreviewData.swift in Sources */,
				7C8493E3B622C77F494D3D53 /* SettingsView.swift in Sources */,
				4728DC6C08A385211230D45E /* SpotlightIndexer.swift in Sources */,
				1E5B429A3205F8FE3D60B1F0 /* StatBox.swift in Sources */,
				273582A9EC254FCE026E78AB /* StoreDockBadge.swift in Sources */,
				B109A7CFD95A64643B2A8AAA /* StoreSideEffects.swift in Sources */,
				800271A5BCD7F0CD15434FED /* Theme.swift in Sources */,
				09D7080C269F01DE77D73ADE /* ViewCache.swift in Sources */,
				AFCEA5A89DF3CF5CE0EB08D2 /* WidgetDataProvider.swift in Sources */,
				0CC472E5AE4322A4F6CBD7BD /* WidgetSnapshotModels.swift in Sources */,
			);
			runOnlyForDeploymentPostprocessing = 0;
		};
		8D92AB0002E955E24BD15171 /* Sources */ = {
			isa = PBXSourcesBuildPhase;
			buildActionMask = 2147483647;
			files = (
				B69B8BE99B11E76130C914D5 /* AdvancedToolsTests.swift in Sources */,
				0CD09438433B0FD28F816B44 /* BackupRoundTripTests.swift in Sources */,
				08E38C053E193DFFF664ACF6 /* CashSyncTests.swift in Sources */,
				19B87610332E0908F3CBAE98 /* ChartSeriesTests.swift in Sources */,
				16F162FD47C34C07818C9CD2 /* DCANotificationSchedulingTests.swift in Sources */,
				B78CF5602C037D36B8704885 /* EngineTests.swift in Sources */,
				A8962E758080AB26AF506BD0 /* FormulaParserTests.swift in Sources */,
				00C69901BFC3ED1EB67B856D /* FundMetricsTests.swift in Sources */,
				215FA4880F56CE49F23FC059 /* FundStoreConcurrencyTests.swift in Sources */,
				12D7E7F4E5499B658ADDD6B6 /* LiveRecommendationTests.swift in Sources */,
				4291B95CF899CC62176A5BF4 /* PortfolioTimeSeriesTests.swift in Sources */,
				4F3E76F1EFDF20CB4EB1C904 /* ServicesTests.swift in Sources */,
				4908790C3389FC2842ED00B0 /* StorageFallbackTests.swift in Sources */,
				7E832BFA791B32229E68C2AC /* StorageTests.swift in Sources */,
				B4DED41DA7C4419B1D0B5BDF /* ViewCacheTests.swift in Sources */,
			);
			runOnlyForDeploymentPostprocessing = 0;
		};
		CDD59430B61290A9BEFBCB11 /* Sources */ = {
			isa = PBXSourcesBuildPhase;
			buildActionMask = 2147483647;
			files = (
				D8472A006B773BB05E6364FA /* AdvancedToolsTests.swift in Sources */,
				4F86121FBE2542FC06D0803C /* BackupRoundTripTests.swift in Sources */,
				52CA480B96FC346E915EC772 /* CashSyncTests.swift in Sources */,
				8B40FDD389FEFF903DBECC5A /* ChartSeriesTests.swift in Sources */,
				844A58ADA82FB04C008CED53 /* DCANotificationSchedulingTests.swift in Sources */,
				6699AD40036B9A80E20F5A66 /* EngineTests.swift in Sources */,
				7E19C1D454FBCCFD747BF786 /* FormulaParserTests.swift in Sources */,
				1C31C8C48EEF4758BEED3877 /* FundMetricsTests.swift in Sources */,
				597A39332A4B8855CA429765 /* FundStoreConcurrencyTests.swift in Sources */,
				7E260BC7DE043F8F2DFB5CFB /* LiveRecommendationTests.swift in Sources */,
				497A1A3BEFED53CAA2023F6C /* PortfolioTimeSeriesTests.swift in Sources */,
				028FBE500288EC70FBD20E9A /* ServicesTests.swift in Sources */,
				2F2F8D587C29CC109C5A2C47 /* StorageFallbackTests.swift in Sources */,
				32C56FBC2CDBC51A4D6E4378 /* StorageTests.swift in Sources */,
				6B5163B1B7931DE792CF031A /* ViewCacheTests.swift in Sources */,
			);
			runOnlyForDeploymentPostprocessing = 0;
		};
/* End PBXSourcesBuildPhase section */

/* Begin PBXTargetDependency section */
		A39DBC1D760BE43CB5A4CF0C /* PBXTargetDependency */ = {
			isa = PBXTargetDependency;
			target = C4CDC287DAE331C76445E6FB /* EscapeMint_iOS */;
			targetProxy = 80A9C4068597421EF06ED115 /* PBXContainerItemProxy */;
		};
		C3106EBFC0395527B4E15DFF /* PBXTargetDependency */ = {
			isa = PBXTargetDependency;
			target = 579BDC633614FBB7BB0DAEE4 /* EscapeMint_macOS */;
			targetProxy = 0A61EDECCCD3C1C594E95F4C /* PBXContainerItemProxy */;
		};
		ED4FCE42F5276F0C4DB5435E /* PBXTargetDependency */ = {
			isa = PBXTargetDependency;
			target = 7F83A01BEB8C7FD255B40AF0 /* EscapeMintWidget_iOS */;
			targetProxy = 6423A4E62A30BC47E7D8E3B4 /* PBXContainerItemProxy */;
		};
/* End PBXTargetDependency section */

/* Begin XCBuildConfiguration section */
		133B2CDC29F9933730BD9D6D /* Release */ = {
			isa = XCBuildConfiguration;
			buildSettings = {
				ALWAYS_SEARCH_USER_PATHS = NO;
				CLANG_ANALYZER_NONNULL = YES;
				CLANG_ANALYZER_NUMBER_OBJECT_CONVERSION = YES_AGGRESSIVE;
				CLANG_CXX_LANGUAGE_STANDARD = "gnu++14";
				CLANG_CXX_LIBRARY = "libc++";
				CLANG_ENABLE_MODULES = YES;
				CLANG_ENABLE_OBJC_ARC = YES;
				CLANG_ENABLE_OBJC_WEAK = YES;
				CLANG_WARN_BLOCK_CAPTURE_AUTORELEASING = YES;
				CLANG_WARN_BOOL_CONVERSION = YES;
				CLANG_WARN_COMMA = YES;
				CLANG_WARN_CONSTANT_CONVERSION = YES;
				CLANG_WARN_DEPRECATED_OBJC_IMPLEMENTATIONS = YES;
				CLANG_WARN_DIRECT_OBJC_ISA_USAGE = YES_ERROR;
				CLANG_WARN_DOCUMENTATION_COMMENTS = YES;
				CLANG_WARN_EMPTY_BODY = YES;
				CLANG_WARN_ENUM_CONVERSION = YES;
				CLANG_WARN_INFINITE_RECURSION = YES;
				CLANG_WARN_INT_CONVERSION = YES;
				CLANG_WARN_NON_LITERAL_NULL_CONVERSION = YES;
				CLANG_WARN_OBJC_IMPLICIT_RETAIN_SELF = YES;
				CLANG_WARN_OBJC_LITERAL_CONVERSION = YES;
				CLANG_WARN_OBJC_ROOT_CLASS = YES_ERROR;
				CLANG_WARN_QUOTED_INCLUDE_IN_FRAMEWORK_HEADER = YES;
				CLANG_WARN_RANGE_LOOP_ANALYSIS = YES;
				CLANG_WARN_STRICT_PROTOTYPES = YES;
				CLANG_WARN_SUSPICIOUS_MOVE = YES;
				CLANG_WARN_UNGUARDED_AVAILABILITY = YES_AGGRESSIVE;
				CLANG_WARN_UNREACHABLE_CODE = YES;
				CLANG_WARN__DUPLICATE_METHOD_MATCH = YES;
				COPY_PHASE_STRIP = NO;
				CURRENT_PROJECT_VERSION = 71;
				DEAD_CODE_STRIPPING = YES;
				DEBUG_INFORMATION_FORMAT = "dwarf-with-dsym";
				DEVELOPMENT_TEAM = TYQ32QCF6K;
				ENABLE_NS_ASSERTIONS = NO;
				ENABLE_STRICT_OBJC_MSGSEND = YES;
				ENABLE_USER_SCRIPT_SANDBOXING = YES;
				GCC_C_LANGUAGE_STANDARD = gnu11;
				GCC_NO_COMMON_BLOCKS = YES;
				GCC_WARN_64_TO_32_BIT_CONVERSION = YES;
				GCC_WARN_ABOUT_RETURN_TYPE = YES_ERROR;
				GCC_WARN_UNDECLARED_SELECTOR = YES;
				GCC_WARN_UNINITIALIZED_AUTOS = YES_AGGRESSIVE;
				GCC_WARN_UNUSED_FUNCTION = YES;
				GCC_WARN_UNUSED_VARIABLE = YES;
				IPHONEOS_DEPLOYMENT_TARGET = 17.0;
				MACOSX_DEPLOYMENT_TARGET = 14.0;
				MARKETING_VERSION = 1.2.13;
				MTL_ENABLE_DEBUG_INFO = NO;
				MTL_FAST_MATH = YES;
				PRODUCT_NAME = "$(TARGET_NAME)";
				SWIFT_COMPILATION_MODE = wholemodule;
				SWIFT_EMIT_LOC_STRINGS = YES;
				SWIFT_OPTIMIZATION_LEVEL = "-O";
				SWIFT_VERSION = 6.0;
			};
			name = Release;
		};
		2D9825C3568D14C82E32607E /* Debug */ = {
			isa = XCBuildConfiguration;
			buildSettings = {
				BUNDLE_LOADER = "$(TEST_HOST)";
				COMBINE_HIDPI_IMAGES = YES;
				GENERATE_INFOPLIST_FILE = YES;
				LD_RUNPATH_SEARCH_PATHS = (
					"$(inherited)",
					"@executable_path/../Frameworks",
					"@loader_path/../Frameworks",
				);
				PRODUCT_BUNDLE_IDENTIFIER = net.shadowpuppet.EscapeMint.tests;
				SDKROOT = macosx;
				TEST_HOST = "$(BUILT_PRODUCTS_DIR)/EscapeMint.app/Contents/MacOS/EscapeMint";
			};
			name = Debug;
		};
		50273E0549AFE1CFBED93466 /* Debug */ = {
			isa = XCBuildConfiguration;
			buildSettings = {
				ASSETCATALOG_COMPILER_APPICON_NAME = AppIcon;
				"CODE_SIGN_ENTITLEMENTS[sdk=iphoneos*]" = EscapeMint/App/EscapeMint.entitlements;
				"CODE_SIGN_ENTITLEMENTS[sdk=iphonesimulator*]" = EscapeMint/App/EscapeMint.entitlements;
				"CODE_SIGN_ENTITLEMENTS[sdk=macosx*]" = "EscapeMint/App/EscapeMint-macOS.entitlements";
				CODE_SIGN_STYLE = Automatic;
				COMBINE_HIDPI_IMAGES = YES;
				DEVELOPMENT_TEAM = TYQ32QCF6K;
				INFOPLIST_FILE = EscapeMint/App/Info.plist;
				LD_RUNPATH_SEARCH_PATHS = (
					"$(inherited)",
					"@executable_path/../Frameworks",
				);
				PRODUCT_BUNDLE_IDENTIFIER = net.shadowpuppet.EscapeMint;
				PRODUCT_NAME = EscapeMint;
				SDKROOT = macosx;
				SUPPORTS_MAC_DESIGNED_FOR_IPHONE_IPAD = NO;
			};
			name = Debug;
		};
		5FE1EA6A2878ED530CB25ED6 /* Release */ = {
			isa = XCBuildConfiguration;
			buildSettings = {
				ASSETCATALOG_COMPILER_APPICON_NAME = AppIcon;
				"CODE_SIGN_ENTITLEMENTS[sdk=iphoneos*]" = EscapeMint/App/EscapeMint.entitlements;
				"CODE_SIGN_ENTITLEMENTS[sdk=iphonesimulator*]" = EscapeMint/App/EscapeMint.entitlements;
				"CODE_SIGN_ENTITLEMENTS[sdk=macosx*]" = "EscapeMint/App/EscapeMint-macOS.entitlements";
				CODE_SIGN_IDENTITY = "iPhone Developer";
				CODE_SIGN_STYLE = Automatic;
				DEVELOPMENT_TEAM = TYQ32QCF6K;
				INFOPLIST_FILE = EscapeMint/App/Info.plist;
				LD_RUNPATH_SEARCH_PATHS = (
					"$(inherited)",
					"@executable_path/Frameworks",
				);
				PRODUCT_BUNDLE_IDENTIFIER = net.shadowpuppet.EscapeMint;
				PRODUCT_NAME = EscapeMint;
				SDKROOT = iphoneos;
				SUPPORTS_MAC_DESIGNED_FOR_IPHONE_IPAD = NO;
				TARGETED_DEVICE_FAMILY = "1,2";
			};
			name = Release;
		};
		85294C3F18E81361B708FEBC /* Debug */ = {
			isa = XCBuildConfiguration;
			buildSettings = {
				CODE_SIGN_ENTITLEMENTS = EscapeMintWidget/EscapeMintWidget.entitlements;
				CODE_SIGN_STYLE = Automatic;
				DEVELOPMENT_TEAM = TYQ32QCF6K;
				INFOPLIST_FILE = EscapeMintWidget/Info.plist;
				LD_RUNPATH_SEARCH_PATHS = (
					"$(inherited)",
					"@executable_path/Frameworks",
					"@executable_path/../../Frameworks",
				);
				PRODUCT_BUNDLE_IDENTIFIER = net.shadowpuppet.EscapeMint.widget;
				PRODUCT_NAME = EscapeMintWidget;
				SDKROOT = iphoneos;
				TARGETED_DEVICE_FAMILY = "1,2";
			};
			name = Debug;
		};
		99A55DAB83D01F0322E177C5 /* Release */ = {
			isa = XCBuildConfiguration;
			buildSettings = {
				CODE_SIGN_ENTITLEMENTS = EscapeMintWidget/EscapeMintWidget.entitlements;
				CODE_SIGN_STYLE = Automatic;
				DEVELOPMENT_TEAM = TYQ32QCF6K;
				INFOPLIST_FILE = EscapeMintWidget/Info.plist;
				LD_RUNPATH_SEARCH_PATHS = (
					"$(inherited)",
					"@executable_path/Frameworks",
					"@executable_path/../../Frameworks",
				);
				PRODUCT_BUNDLE_IDENTIFIER = net.shadowpuppet.EscapeMint.widget;
				PRODUCT_NAME = EscapeMintWidget;
				SDKROOT = iphoneos;
				TARGETED_DEVICE_FAMILY = "1,2";
			};
			name = Release;
		};
		B74A9C2C6B098FB6CAC4299A /* Release */ = {
			isa = XCBuildConfiguration;
			buildSettings = {
				BUNDLE_LOADER = "$(TEST_HOST)";
				COMBINE_HIDPI_IMAGES = YES;
				GENERATE_INFOPLIST_FILE = YES;
				LD_RUNPATH_SEARCH_PATHS = (
					"$(inherited)",
					"@executable_path/../Frameworks",
					"@loader_path/../Frameworks",
				);
				PRODUCT_BUNDLE_IDENTIFIER = net.shadowpuppet.EscapeMint.tests;
				SDKROOT = macosx;
				TEST_HOST = "$(BUILT_PRODUCTS_DIR)/EscapeMint.app/Contents/MacOS/EscapeMint";
			};
			name = Release;
		};
		BA1609A0BE7F961C851C19C9 /* Debug */ = {
			isa = XCBuildConfiguration;
			buildSettings = {
				BUNDLE_LOADER = "$(TEST_HOST)";
				GENERATE_INFOPLIST_FILE = YES;
				LD_RUNPATH_SEARCH_PATHS = (
					"$(inherited)",
					"@executable_path/Frameworks",
					"@loader_path/Frameworks",
				);
				PRODUCT_BUNDLE_IDENTIFIER = net.shadowpuppet.EscapeMint.tests;
				SDKROOT = iphoneos;
				TARGETED_DEVICE_FAMILY = "1,2";
				TEST_HOST = "$(BUILT_PRODUCTS_DIR)/EscapeMint.app/EscapeMint";
			};
			name = Debug;
		};
		C2F763EF95E294EFC0C67424 /* Release */ = {
			isa = XCBuildConfiguration;
			buildSettings = {
				BUNDLE_LOADER = "$(TEST_HOST)";
				GENERATE_INFOPLIST_FILE = YES;
				LD_RUNPATH_SEARCH_PATHS = (
					"$(inherited)",
					"@executable_path/Frameworks",
					"@loader_path/Frameworks",
				);
				PRODUCT_BUNDLE_IDENTIFIER = net.shadowpuppet.EscapeMint.tests;
				SDKROOT = iphoneos;
				TARGETED_DEVICE_FAMILY = "1,2";
				TEST_HOST = "$(BUILT_PRODUCTS_DIR)/EscapeMint.app/EscapeMint";
			};
			name = Release;
		};
		CC21DB5F21A4D2A3FF27AD3F /* Debug */ = {
			isa = XCBuildConfiguration;
			buildSettings = {
				ALWAYS_SEARCH_USER_PATHS = NO;
				CLANG_ANALYZER_NONNULL = YES;
				CLANG_ANALYZER_NUMBER_OBJECT_CONVERSION = YES_AGGRESSIVE;
				CLANG_CXX_LANGUAGE_STANDARD = "gnu++14";
				CLANG_CXX_LIBRARY = "libc++";
				CLANG_ENABLE_MODULES = YES;
				CLANG_ENABLE_OBJC_ARC = YES;
				CLANG_ENABLE_OBJC_WEAK = YES;
				CLANG_WARN_BLOCK_CAPTURE_AUTORELEASING = YES;
				CLANG_WARN_BOOL_CONVERSION = YES;
				CLANG_WARN_COMMA = YES;
				CLANG_WARN_CONSTANT_CONVERSION = YES;
				CLANG_WARN_DEPRECATED_OBJC_IMPLEMENTATIONS = YES;
				CLANG_WARN_DIRECT_OBJC_ISA_USAGE = YES_ERROR;
				CLANG_WARN_DOCUMENTATION_COMMENTS = YES;
				CLANG_WARN_EMPTY_BODY = YES;
				CLANG_WARN_ENUM_CONVERSION = YES;
				CLANG_WARN_INFINITE_RECURSION = YES;
				CLANG_WARN_INT_CONVERSION = YES;
				CLANG_WARN_NON_LITERAL_NULL_CONVERSION = YES;
				CLANG_WARN_OBJC_IMPLICIT_RETAIN_SELF = YES;
				CLANG_WARN_OBJC_LITERAL_CONVERSION = YES;
				CLANG_WARN_OBJC_ROOT_CLASS = YES_ERROR;
				CLANG_WARN_QUOTED_INCLUDE_IN_FRAMEWORK_HEADER = YES;
				CLANG_WARN_RANGE_LOOP_ANALYSIS = YES;
				CLANG_WARN_STRICT_PROTOTYPES = YES;
				CLANG_WARN_SUSPICIOUS_MOVE = YES;
				CLANG_WARN_UNGUARDED_AVAILABILITY = YES_AGGRESSIVE;
				CLANG_WARN_UNREACHABLE_CODE = YES;
				CLANG_WARN__DUPLICATE_METHOD_MATCH = YES;
				COPY_PHASE_STRIP = NO;
				CURRENT_PROJECT_VERSION = 71;
				DEAD_CODE_STRIPPING = YES;
				DEBUG_INFORMATION_FORMAT = dwarf;
				DEVELOPMENT_TEAM = TYQ32QCF6K;
				ENABLE_STRICT_OBJC_MSGSEND = YES;
				ENABLE_TESTABILITY = YES;
				ENABLE_USER_SCRIPT_SANDBOXING = YES;
				GCC_C_LANGUAGE_STANDARD = gnu11;
				GCC_DYNAMIC_NO_PIC = NO;
				GCC_NO_COMMON_BLOCKS = YES;
				GCC_OPTIMIZATION_LEVEL = 0;
				GCC_PREPROCESSOR_DEFINITIONS = (
					"$(inherited)",
					"DEBUG=1",
				);
				GCC_WARN_64_TO_32_BIT_CONVERSION = YES;
				GCC_WARN_ABOUT_RETURN_TYPE = YES_ERROR;
				GCC_WARN_UNDECLARED_SELECTOR = YES;
				GCC_WARN_UNINITIALIZED_AUTOS = YES_AGGRESSIVE;
				GCC_WARN_UNUSED_FUNCTION = YES;
				GCC_WARN_UNUSED_VARIABLE = YES;
				IPHONEOS_DEPLOYMENT_TARGET = 17.0;
				MACOSX_DEPLOYMENT_TARGET = 14.0;
				MARKETING_VERSION = 1.2.13;
				MTL_ENABLE_DEBUG_INFO = INCLUDE_SOURCE;
				MTL_FAST_MATH = YES;
				ONLY_ACTIVE_ARCH = YES;
				PRODUCT_NAME = "$(TARGET_NAME)";
				SWIFT_ACTIVE_COMPILATION_CONDITIONS = DEBUG;
				SWIFT_EMIT_LOC_STRINGS = YES;
				SWIFT_OPTIMIZATION_LEVEL = "-Onone";
				SWIFT_VERSION = 6.0;
			};
			name = Debug;
		};
		DC1DA6722058233DAD97C7E6 /* Release */ = {
			isa = XCBuildConfiguration;
			buildSettings = {
				ASSETCATALOG_COMPILER_APPICON_NAME = AppIcon;
				"CODE_SIGN_ENTITLEMENTS[sdk=iphoneos*]" = EscapeMint/App/EscapeMint.entitlements;
				"CODE_SIGN_ENTITLEMENTS[sdk=iphonesimulator*]" = EscapeMint/App/EscapeMint.entitlements;
				"CODE_SIGN_ENTITLEMENTS[sdk=macosx*]" = "EscapeMint/App/EscapeMint-macOS.entitlements";
				CODE_SIGN_STYLE = Automatic;
				COMBINE_HIDPI_IMAGES = YES;
				DEVELOPMENT_TEAM = TYQ32QCF6K;
				INFOPLIST_FILE = EscapeMint/App/Info.plist;
				LD_RUNPATH_SEARCH_PATHS = (
					"$(inherited)",
					"@executable_path/../Frameworks",
				);
				PRODUCT_BUNDLE_IDENTIFIER = net.shadowpuppet.EscapeMint;
				PRODUCT_NAME = EscapeMint;
				SDKROOT = macosx;
				SUPPORTS_MAC_DESIGNED_FOR_IPHONE_IPAD = NO;
			};
			name = Release;
		};
		F942E563AD2897C3DBAB95AD /* Debug */ = {
			isa = XCBuildConfiguration;
			buildSettings = {
				ASSETCATALOG_COMPILER_APPICON_NAME = AppIcon;
				"CODE_SIGN_ENTITLEMENTS[sdk=iphoneos*]" = EscapeMint/App/EscapeMint.entitlements;
				"CODE_SIGN_ENTITLEMENTS[sdk=iphonesimulator*]" = EscapeMint/App/EscapeMint.entitlements;
				"CODE_SIGN_ENTITLEMENTS[sdk=macosx*]" = "EscapeMint/App/EscapeMint-macOS.entitlements";
				CODE_SIGN_IDENTITY = "iPhone Developer";
				CODE_SIGN_STYLE = Automatic;
				DEVELOPMENT_TEAM = TYQ32QCF6K;
				INFOPLIST_FILE = EscapeMint/App/Info.plist;
				LD_RUNPATH_SEARCH_PATHS = (
					"$(inherited)",
					"@executable_path/Frameworks",
				);
				PRODUCT_BUNDLE_IDENTIFIER = net.shadowpuppet.EscapeMint;
				PRODUCT_NAME = EscapeMint;
				SDKROOT = iphoneos;
				SUPPORTS_MAC_DESIGNED_FOR_IPHONE_IPAD = NO;
				TARGETED_DEVICE_FAMILY = "1,2";
			};
			name = Debug;
		};
/* End XCBuildConfiguration section */

/* Begin XCConfigurationList section */
		10D641AFB3A1D19EEEBAF458 /* Build configuration list for PBXNativeTarget "EscapeMintTests_iOS" */ = {
			isa = XCConfigurationList;
			buildConfigurations = (
				BA1609A0BE7F961C851C19C9 /* Debug */,
				C2F763EF95E294EFC0C67424 /* Release */,
			);
			defaultConfigurationIsVisible = 0;
			defaultConfigurationName = Debug;
		};
		3952FA7BD6731DF054CB71F1 /* Build configuration list for PBXProject "EscapeMint" */ = {
			isa = XCConfigurationList;
			buildConfigurations = (
				CC21DB5F21A4D2A3FF27AD3F /* Debug */,
				133B2CDC29F9933730BD9D6D /* Release */,
			);
			defaultConfigurationIsVisible = 0;
			defaultConfigurationName = Debug;
		};
		64DBAF7FA788E2B5D9003ED7 /* Build configuration list for PBXNativeTarget "EscapeMint_macOS" */ = {
			isa = XCConfigurationList;
			buildConfigurations = (
				50273E0549AFE1CFBED93466 /* Debug */,
				DC1DA6722058233DAD97C7E6 /* Release */,
			);
			defaultConfigurationIsVisible = 0;
			defaultConfigurationName = Debug;
		};
		69EED178EF897666CC24E08C /* Build configuration list for PBXNativeTarget "EscapeMintWidget_iOS" */ = {
			isa = XCConfigurationList;
			buildConfigurations = (
				85294C3F18E81361B708FEBC /* Debug */,
				99A55DAB83D01F0322E177C5 /* Release */,
			);
			defaultConfigurationIsVisible = 0;
			defaultConfigurationName = Debug;
		};
		9577C2C59497780F6F702726 /* Build configuration list for PBXNativeTarget "EscapeMintTests_macOS" */ = {
			isa = XCConfigurationList;
			buildConfigurations = (
				2D9825C3568D14C82E32607E /* Debug */,
				B74A9C2C6B098FB6CAC4299A /* Release */,
			);
			defaultConfigurationIsVisible = 0;
			defaultConfigurationName = Debug;
		};
		D25320A3BC926358A0790971 /* Build configuration list for PBXNativeTarget "EscapeMint_iOS" */ = {
			isa = XCConfigurationList;
			buildConfigurations = (
				F942E563AD2897C3DBAB95AD /* Debug */,
				5FE1EA6A2878ED530CB25ED6 /* Release */,
			);
			defaultConfigurationIsVisible = 0;
			defaultConfigurationName = Debug;
		};
/* End XCConfigurationList section */
	};
	rootObject = 67B517483F51F1654F89779D /* Project object */;
}
